// !$*UTF8*$!
{
	archiveVersion = 1;
	classes = {
	};
	objectVersion = 46;
	objects = {

/* Begin PBXBuildFile section */
		00C302E51ABCBA2D00DB3ED1 /* libRCTActionSheet.a in Frameworks */ = {isa = PBXBuildFile; fileRef = 00C302AC1ABCB8CE00DB3ED1 /* libRCTActionSheet.a */; };
		00C302E71ABCBA2D00DB3ED1 /* libRCTGeolocation.a in Frameworks */ = {isa = PBXBuildFile; fileRef = 00C302BA1ABCB90400DB3ED1 /* libRCTGeolocation.a */; };
		00C302E81ABCBA2D00DB3ED1 /* libRCTImage.a in Frameworks */ = {isa = PBXBuildFile; fileRef = 00C302C01ABCB91800DB3ED1 /* libRCTImage.a */; };
		00C302E91ABCBA2D00DB3ED1 /* libRCTNetwork.a in Frameworks */ = {isa = PBXBuildFile; fileRef = 00C302DC1ABCB9D200DB3ED1 /* libRCTNetwork.a */; };
		00C302EA1ABCBA2D00DB3ED1 /* libRCTVibration.a in Frameworks */ = {isa = PBXBuildFile; fileRef = 00C302E41ABCB9EE00DB3ED1 /* libRCTVibration.a */; };
		00E356F31AD99517003FC87E /* MicrosuranceTests.m in Sources */ = {isa = PBXBuildFile; fileRef = 00E356F21AD99517003FC87E /* MicrosuranceTests.m */; };
		133E29F31AD74F7200F7D852 /* libRCTLinking.a in Frameworks */ = {isa = PBXBuildFile; fileRef = 78C398B91ACF4ADC00677621 /* libRCTLinking.a */; };
		139105C61AF99C1200B5F7CC /* libRCTSettings.a in Frameworks */ = {isa = PBXBuildFile; fileRef = 139105C11AF99BAD00B5F7CC /* libRCTSettings.a */; };
		139FDEF61B0652A700C62182 /* libRCTWebSocket.a in Frameworks */ = {isa = PBXBuildFile; fileRef = 139FDEF41B06529B00C62182 /* libRCTWebSocket.a */; };
		13B07FBC1A68108700A75B9A /* AppDelegate.m in Sources */ = {isa = PBXBuildFile; fileRef = 13B07FB01A68108700A75B9A /* AppDelegate.m */; };
		13B07FBD1A68108700A75B9A /* LaunchScreen.xib in Resources */ = {isa = PBXBuildFile; fileRef = 13B07FB11A68108700A75B9A /* LaunchScreen.xib */; };
		13B07FC11A68108700A75B9A /* main.m in Sources */ = {isa = PBXBuildFile; fileRef = 13B07FB71A68108700A75B9A /* main.m */; };
		140ED2AC1D01E1AD002B40FF /* libReact.a in Frameworks */ = {isa = PBXBuildFile; fileRef = 146834041AC3E56700842450 /* libReact.a */; };
		146834051AC3E58100842450 /* libReact.a in Frameworks */ = {isa = PBXBuildFile; fileRef = 146834041AC3E56700842450 /* libReact.a */; };
		18E439D1B3E444F9926C8E0D /* Foundation.ttf in Resources */ = {isa = PBXBuildFile; fileRef = 4B31F264E29847AC9260120A /* Foundation.ttf */; };
		2D02E4BC1E0B4A80006451C7 /* AppDelegate.m in Sources */ = {isa = PBXBuildFile; fileRef = 13B07FB01A68108700A75B9A /* AppDelegate.m */; };
		2D02E4BF1E0B4AB3006451C7 /* main.m in Sources */ = {isa = PBXBuildFile; fileRef = 13B07FB71A68108700A75B9A /* main.m */; };
		2D02E4C21E0B4AEC006451C7 /* libRCTAnimation.a in Frameworks */ = {isa = PBXBuildFile; fileRef = 5E9157351DD0AC6500FF2AA8 /* libRCTAnimation.a */; };
		2D02E4C31E0B4AEC006451C7 /* libRCTImage-tvOS.a in Frameworks */ = {isa = PBXBuildFile; fileRef = 3DAD3E841DF850E9000B6D8A /* libRCTImage-tvOS.a */; };
		2D02E4C41E0B4AEC006451C7 /* libRCTLinking-tvOS.a in Frameworks */ = {isa = PBXBuildFile; fileRef = 3DAD3E881DF850E9000B6D8A /* libRCTLinking-tvOS.a */; };
		2D02E4C51E0B4AEC006451C7 /* libRCTNetwork-tvOS.a in Frameworks */ = {isa = PBXBuildFile; fileRef = 3DAD3E8C1DF850E9000B6D8A /* libRCTNetwork-tvOS.a */; };
		2D02E4C61E0B4AEC006451C7 /* libRCTSettings-tvOS.a in Frameworks */ = {isa = PBXBuildFile; fileRef = 3DAD3E901DF850E9000B6D8A /* libRCTSettings-tvOS.a */; };
		2D02E4C71E0B4AEC006451C7 /* libRCTText-tvOS.a in Frameworks */ = {isa = PBXBuildFile; fileRef = 3DAD3E941DF850E9000B6D8A /* libRCTText-tvOS.a */; };
		2D02E4C81E0B4AEC006451C7 /* libRCTWebSocket-tvOS.a in Frameworks */ = {isa = PBXBuildFile; fileRef = 3DAD3E991DF850E9000B6D8A /* libRCTWebSocket-tvOS.a */; };
		2D02E4C91E0B4AEC006451C7 /* libReact.a in Frameworks */ = {isa = PBXBuildFile; fileRef = 3DAD3EA31DF850E9000B6D8A /* libReact.a */; };
		2D2B7BEB81D847E4ACB9EBB7 /* MaterialIcons.ttf in Resources */ = {isa = PBXBuildFile; fileRef = 7E79C0B0F8F9489099F9651E /* MaterialIcons.ttf */; };
		2DCD954D1E0B4F2C00145EB5 /* MicrosuranceTests.m in Sources */ = {isa = PBXBuildFile; fileRef = 00E356F21AD99517003FC87E /* MicrosuranceTests.m */; };
		36FDD78FFAC24A1D8C93B142 /* Entypo.ttf in Resources */ = {isa = PBXBuildFile; fileRef = 26EEA7131B3C4C4C9B28E87C /* Entypo.ttf */; };
		381F0795CB5B4D9FA1FD3486 /* libRNSpinkit.a in Frameworks */ = {isa = PBXBuildFile; fileRef = AD7312CFCBC04F76AA556D73 /* libRNSpinkit.a */; };
		3C47F5E1514B48E0ABB89DAB /* FontAwesome.ttf in Resources */ = {isa = PBXBuildFile; fileRef = AC883382BA9C47A69E3330A3 /* FontAwesome.ttf */; };
		3F06AD361EFF449F0028DA38 /* Fabric.framework in Frameworks */ = {isa = PBXBuildFile; fileRef = 3F06AD341EFF449F0028DA38 /* Fabric.framework */; };
		3F06AD371EFF449F0028DA38 /* Crashlytics.framework in Frameworks */ = {isa = PBXBuildFile; fileRef = 3F06AD351EFF449F0028DA38 /* Crashlytics.framework */; };
		3F06AD391EFF5F3B0028DA38 /* Bitter.ttf in Resources */ = {isa = PBXBuildFile; fileRef = 3F06AD381EFF5F3B0028DA38 /* Bitter.ttf */; };
		3F06AD3B1EFF5F500028DA38 /* Comfortaa-Bold.ttf in Resources */ = {isa = PBXBuildFile; fileRef = 3F06AD3A1EFF5F500028DA38 /* Comfortaa-Bold.ttf */; };
		3F25D6011F6C7CA50075C425 /* GoogleService-Info.plist in Resources */ = {isa = PBXBuildFile; fileRef = 3F25D6001F6C7CA50075C425 /* GoogleService-Info.plist */; };
		3F41020E1EFF26FC001B4303 /* Lato.ttf in Resources */ = {isa = PBXBuildFile; fileRef = 3F41020D1EFF26FC001B4303 /* Lato.ttf */; };
		3F4E75CD1F8FF8E30070C597 /* ZDCChat.bundle in Resources */ = {isa = PBXBuildFile; fileRef = 3F4E75C91F8FF8E20070C597 /* ZDCChat.bundle */; };
		3F4E75CE1F8FF8E30070C597 /* ZDCChat.framework in Frameworks */ = {isa = PBXBuildFile; fileRef = 3F4E75CA1F8FF8E20070C597 /* ZDCChat.framework */; };
		3F4E75CF1F8FF8E30070C597 /* ZDCChatAPI.framework in Frameworks */ = {isa = PBXBuildFile; fileRef = 3F4E75CB1F8FF8E20070C597 /* ZDCChatAPI.framework */; };
		3F4E75D01F8FF8E30070C597 /* ZDCChatStrings.bundle in Resources */ = {isa = PBXBuildFile; fileRef = 3F4E75CC1F8FF8E30070C597 /* ZDCChatStrings.bundle */; };
		3FA2DF3B1F61D88300A34E49 /* Images.xcassets in Resources */ = {isa = PBXBuildFile; fileRef = 3FA2DF3A1F61D88300A34E49 /* Images.xcassets */; };
		3FA2DF6A1F61DCBF00A34E49 /* RNZendeskChatModule.m in Sources */ = {isa = PBXBuildFile; fileRef = 3FA2DF691F61DCBF00A34E49 /* RNZendeskChatModule.m */; };
		3FF0AD0D1FA3749D008F09E1 /* Lato_Bold.ttf in Resources */ = {isa = PBXBuildFile; fileRef = 3FF0AD0C1FA3749D008F09E1 /* Lato_Bold.ttf */; };
		4D2B225A568248F5AA8E5FC1 /* Zocial.ttf in Resources */ = {isa = PBXBuildFile; fileRef = 5A05141396E742339933A7DE /* Zocial.ttf */; };
		4E8FE7FE56474951B29E7706 /* libRNFS.a in Frameworks */ = {isa = PBXBuildFile; fileRef = 91968238E613443387457D28 /* libRNFS.a */; };
		5C455B84CB9F4D31900CAF43 /* Ionicons.ttf in Resources */ = {isa = PBXBuildFile; fileRef = 5D78ED3977AD4FCABA1EB9D3 /* Ionicons.ttf */; };
		5E9157361DD0AC6A00FF2AA8 /* libRCTAnimation.a in Frameworks */ = {isa = PBXBuildFile; fileRef = 5E9157331DD0AC6500FF2AA8 /* libRCTAnimation.a */; };
		6E0FAC4A025E44129027A6F5 /* Octicons.ttf in Resources */ = {isa = PBXBuildFile; fileRef = 45DEFEFB1BC14CA7B6E42C2A /* Octicons.ttf */; };
		720DCAAE1BF24E318B0F783D /* libRNSound.a in Frameworks */ = {isa = PBXBuildFile; fileRef = E33341618CF648D3A0ADF2A6 /* libRNSound.a */; };
		7BE20A1CA3B6416FB559C1C9 /* libSMXCrashlytics.a in Frameworks */ = {isa = PBXBuildFile; fileRef = 0A9AC432BD52431592DB7B06 /* libSMXCrashlytics.a */; };
		7E8BEED215DA41F4B745CEF6 /* libRNImagePicker.a in Frameworks */ = {isa = PBXBuildFile; fileRef = CEB51F606D0E4A60B3CC7EAA /* libRNImagePicker.a */; };
		832341BD1AAA6AB300B99B32 /* libRCTText.a in Frameworks */ = {isa = PBXBuildFile; fileRef = 832341B51AAA6A8300B99B32 /* libRCTText.a */; };
		8F87055EF5FC4D92BC0986CE /* libRNVectorIcons.a in Frameworks */ = {isa = PBXBuildFile; fileRef = 3E97F22A96254686B1113A30 /* libRNVectorIcons.a */; };
		92AB07F86F4F4486A6979B15 /* SimpleLineIcons.ttf in Resources */ = {isa = PBXBuildFile; fileRef = A17D6963B4264CDD896BC294 /* SimpleLineIcons.ttf */; };
		B1DAFECC2AC2E5345D912E18 /* libPods-Microsurance.a in Frameworks */ = {isa = PBXBuildFile; fileRef = 6894FC422D05E5532B3BC8BC /* libPods-Microsurance.a */; };
		B70F8D03D32B4062B6B40EA5 /* libz.tbd in Frameworks */ = {isa = PBXBuildFile; fileRef = C2BA7C78843D4C26AFCE55CC /* libz.tbd */; };
		CE4F8FACBB844A56948B34A7 /* EvilIcons.ttf in Resources */ = {isa = PBXBuildFile; fileRef = C53BF5BB57F144DFAB286280 /* EvilIcons.ttf */; };
		CEDA61824C0B4CC49356BCD3 /* libRNFileOpener.a in Frameworks */ = {isa = PBXBuildFile; fileRef = E8DFABBD2D5D44C8A6866CFD /* libRNFileOpener.a */; };
		DDF5132EA03B44B083DF05C5 /* libRCTOneSignal.a in Frameworks */ = {isa = PBXBuildFile; fileRef = A84A572B524647C497DCAF43 /* libRCTOneSignal.a */; };
		EAF77E8861684225831708B9 /* MaterialCommunityIcons.ttf in Resources */ = {isa = PBXBuildFile; fileRef = 6D9E0CAC64F64BE9A82AAD4F /* MaterialCommunityIcons.ttf */; };
		F1B7384332814E71A8EBA590 /* libRNAppsee.a in Frameworks */ = {isa = PBXBuildFile; fileRef = BAF774C3E1EE4CB8B5FF25FE /* libRNAppsee.a */; };
/* End PBXBuildFile section */

/* Begin PBXContainerItemProxy section */
		00C302AB1ABCB8CE00DB3ED1 /* PBXContainerItemProxy */ = {
			isa = PBXContainerItemProxy;
			containerPortal = 00C302A71ABCB8CE00DB3ED1 /* RCTActionSheet.xcodeproj */;
			proxyType = 2;
			remoteGlobalIDString = 134814201AA4EA6300B7C361;
			remoteInfo = RCTActionSheet;
		};
		00C302B91ABCB90400DB3ED1 /* PBXContainerItemProxy */ = {
			isa = PBXContainerItemProxy;
			containerPortal = 00C302B51ABCB90400DB3ED1 /* RCTGeolocation.xcodeproj */;
			proxyType = 2;
			remoteGlobalIDString = 134814201AA4EA6300B7C361;
			remoteInfo = RCTGeolocation;
		};
		00C302BF1ABCB91800DB3ED1 /* PBXContainerItemProxy */ = {
			isa = PBXContainerItemProxy;
			containerPortal = 00C302BB1ABCB91800DB3ED1 /* RCTImage.xcodeproj */;
			proxyType = 2;
			remoteGlobalIDString = 58B5115D1A9E6B3D00147676;
			remoteInfo = RCTImage;
		};
		00C302DB1ABCB9D200DB3ED1 /* PBXContainerItemProxy */ = {
			isa = PBXContainerItemProxy;
			containerPortal = 00C302D31ABCB9D200DB3ED1 /* RCTNetwork.xcodeproj */;
			proxyType = 2;
			remoteGlobalIDString = 58B511DB1A9E6C8500147676;
			remoteInfo = RCTNetwork;
		};
		00C302E31ABCB9EE00DB3ED1 /* PBXContainerItemProxy */ = {
			isa = PBXContainerItemProxy;
			containerPortal = 00C302DF1ABCB9EE00DB3ED1 /* RCTVibration.xcodeproj */;
			proxyType = 2;
			remoteGlobalIDString = 832C81801AAF6DEF007FA2F7;
			remoteInfo = RCTVibration;
		};
		00E356F41AD99517003FC87E /* PBXContainerItemProxy */ = {
			isa = PBXContainerItemProxy;
			containerPortal = 83CBB9F71A601CBA00E9B192 /* Project object */;
			proxyType = 1;
			remoteGlobalIDString = 13B07F861A680F5B00A75B9A;
			remoteInfo = Microsurance;
		};
		139105C01AF99BAD00B5F7CC /* PBXContainerItemProxy */ = {
			isa = PBXContainerItemProxy;
			containerPortal = 139105B61AF99BAD00B5F7CC /* RCTSettings.xcodeproj */;
			proxyType = 2;
			remoteGlobalIDString = 134814201AA4EA6300B7C361;
			remoteInfo = RCTSettings;
		};
		139FDEF31B06529B00C62182 /* PBXContainerItemProxy */ = {
			isa = PBXContainerItemProxy;
			containerPortal = 139FDEE61B06529A00C62182 /* RCTWebSocket.xcodeproj */;
			proxyType = 2;
			remoteGlobalIDString = 3C86DF461ADF2C930047B81A;
			remoteInfo = RCTWebSocket;
		};
		146834031AC3E56700842450 /* PBXContainerItemProxy */ = {
			isa = PBXContainerItemProxy;
			containerPortal = 146833FF1AC3E56700842450 /* React.xcodeproj */;
			proxyType = 2;
			remoteGlobalIDString = 83CBBA2E1A601D0E00E9B192;
			remoteInfo = React;
		};
		2D02E4911E0B4A5D006451C7 /* PBXContainerItemProxy */ = {
			isa = PBXContainerItemProxy;
			containerPortal = 83CBB9F71A601CBA00E9B192 /* Project object */;
			proxyType = 1;
			remoteGlobalIDString = 2D02E47A1E0B4A5D006451C7;
			remoteInfo = "Microsurance-tvOS";
		};
		3DAD3E831DF850E9000B6D8A /* PBXContainerItemProxy */ = {
			isa = PBXContainerItemProxy;
			containerPortal = 00C302BB1ABCB91800DB3ED1 /* RCTImage.xcodeproj */;
			proxyType = 2;
			remoteGlobalIDString = 2D2A283A1D9B042B00D4039D;
			remoteInfo = "RCTImage-tvOS";
		};
		3DAD3E871DF850E9000B6D8A /* PBXContainerItemProxy */ = {
			isa = PBXContainerItemProxy;
			containerPortal = 78C398B01ACF4ADC00677621 /* RCTLinking.xcodeproj */;
			proxyType = 2;
			remoteGlobalIDString = 2D2A28471D9B043800D4039D;
			remoteInfo = "RCTLinking-tvOS";
		};
		3DAD3E8B1DF850E9000B6D8A /* PBXContainerItemProxy */ = {
			isa = PBXContainerItemProxy;
			containerPortal = 00C302D31ABCB9D200DB3ED1 /* RCTNetwork.xcodeproj */;
			proxyType = 2;
			remoteGlobalIDString = 2D2A28541D9B044C00D4039D;
			remoteInfo = "RCTNetwork-tvOS";
		};
		3DAD3E8F1DF850E9000B6D8A /* PBXContainerItemProxy */ = {
			isa = PBXContainerItemProxy;
			containerPortal = 139105B61AF99BAD00B5F7CC /* RCTSettings.xcodeproj */;
			proxyType = 2;
			remoteGlobalIDString = 2D2A28611D9B046600D4039D;
			remoteInfo = "RCTSettings-tvOS";
		};
		3DAD3E931DF850E9000B6D8A /* PBXContainerItemProxy */ = {
			isa = PBXContainerItemProxy;
			containerPortal = 832341B01AAA6A8300B99B32 /* RCTText.xcodeproj */;
			proxyType = 2;
			remoteGlobalIDString = 2D2A287B1D9B048500D4039D;
			remoteInfo = "RCTText-tvOS";
		};
		3DAD3E981DF850E9000B6D8A /* PBXContainerItemProxy */ = {
			isa = PBXContainerItemProxy;
			containerPortal = 139FDEE61B06529A00C62182 /* RCTWebSocket.xcodeproj */;
			proxyType = 2;
			remoteGlobalIDString = 2D2A28881D9B049200D4039D;
			remoteInfo = "RCTWebSocket-tvOS";
		};
		3DAD3EA21DF850E9000B6D8A /* PBXContainerItemProxy */ = {
			isa = PBXContainerItemProxy;
			containerPortal = 146833FF1AC3E56700842450 /* React.xcodeproj */;
			proxyType = 2;
			remoteGlobalIDString = 2D2A28131D9B038B00D4039D;
			remoteInfo = "React-tvOS";
		};
		3DAD3EA41DF850E9000B6D8A /* PBXContainerItemProxy */ = {
			isa = PBXContainerItemProxy;
			containerPortal = 146833FF1AC3E56700842450 /* React.xcodeproj */;
			proxyType = 2;
			remoteGlobalIDString = 3D3C059A1DE3340900C268FA;
			remoteInfo = yoga;
		};
		3DAD3EA61DF850E9000B6D8A /* PBXContainerItemProxy */ = {
			isa = PBXContainerItemProxy;
			containerPortal = 146833FF1AC3E56700842450 /* React.xcodeproj */;
			proxyType = 2;
			remoteGlobalIDString = 3D3C06751DE3340C00C268FA;
			remoteInfo = "yoga-tvOS";
		};
		3DAD3EA81DF850E9000B6D8A /* PBXContainerItemProxy */ = {
			isa = PBXContainerItemProxy;
			containerPortal = 146833FF1AC3E56700842450 /* React.xcodeproj */;
			proxyType = 2;
			remoteGlobalIDString = 3D3CD9251DE5FBEC00167DC4;
			remoteInfo = cxxreact;
		};
		3DAD3EAA1DF850E9000B6D8A /* PBXContainerItemProxy */ = {
			isa = PBXContainerItemProxy;
			containerPortal = 146833FF1AC3E56700842450 /* React.xcodeproj */;
			proxyType = 2;
			remoteGlobalIDString = 3D3CD9321DE5FBEE00167DC4;
			remoteInfo = "cxxreact-tvOS";
		};
		3DAD3EAC1DF850E9000B6D8A /* PBXContainerItemProxy */ = {
			isa = PBXContainerItemProxy;
			containerPortal = 146833FF1AC3E56700842450 /* React.xcodeproj */;
			proxyType = 2;
			remoteGlobalIDString = 3D3CD90B1DE5FBD600167DC4;
			remoteInfo = jschelpers;
		};
		3DAD3EAE1DF850E9000B6D8A /* PBXContainerItemProxy */ = {
			isa = PBXContainerItemProxy;
			containerPortal = 146833FF1AC3E56700842450 /* React.xcodeproj */;
			proxyType = 2;
			remoteGlobalIDString = 3D3CD9181DE5FBD800167DC4;
			remoteInfo = "jschelpers-tvOS";
		};
		3F4102021EFF268D001B4303 /* PBXContainerItemProxy */ = {
			isa = PBXContainerItemProxy;
			containerPortal = F943AD42BB094D8DA66761D9 /* RNImagePicker.xcodeproj */;
			proxyType = 2;
			remoteGlobalIDString = 014A3B5C1C6CF33500B6D375;
			remoteInfo = RNImagePicker;
		};
		3F4102051EFF268D001B4303 /* PBXContainerItemProxy */ = {
			isa = PBXContainerItemProxy;
			containerPortal = 618A298C9BE24EE0850ECE43 /* RNSound.xcodeproj */;
			proxyType = 2;
			remoteGlobalIDString = 19825A1E1BD4A89800EE0337;
			remoteInfo = RNSound;
		};
		3F4102081EFF268D001B4303 /* PBXContainerItemProxy */ = {
			isa = PBXContainerItemProxy;
			containerPortal = 540133F9A6C04693A58504EB /* RNSpinkit.xcodeproj */;
			proxyType = 2;
			remoteGlobalIDString = D42CB3511B2538DE00FD0AE2;
			remoteInfo = RNSpinkit;
		};
		3F41020B1EFF268D001B4303 /* PBXContainerItemProxy */ = {
			isa = PBXContainerItemProxy;
			containerPortal = 6B132F460A6A4B988555A60E /* RNVectorIcons.xcodeproj */;
			proxyType = 2;
			remoteGlobalIDString = 5DBEB1501B18CEA900B34395;
			remoteInfo = RNVectorIcons;
		};
		3F42A34D1FDDDD66000F92F5 /* PBXContainerItemProxy */ = {
			isa = PBXContainerItemProxy;
			containerPortal = 2555A9A495694C2DA43F3950 /* RNAppsee.xcodeproj */;
			proxyType = 2;
			remoteGlobalIDString = 134814201AA4EA6300B7C361;
			remoteInfo = RNAppsee;
		};
		3F88B5AF1F6097D3000A4EFE /* PBXContainerItemProxy */ = {
			isa = PBXContainerItemProxy;
			containerPortal = BE9200FBF7F14AA6A190F7E4 /* RNFileOpener.xcodeproj */;
			proxyType = 2;
			remoteGlobalIDString = DB8F70EF1CD3047700E71D6D;
			remoteInfo = RNFileOpener;
		};
		3F88B5B51F6097D3000A4EFE /* PBXContainerItemProxy */ = {
			isa = PBXContainerItemProxy;
			containerPortal = 540133F9A6C04693A58504EB /* RNSpinkit.xcodeproj */;
			proxyType = 2;
			remoteGlobalIDString = 641194871EC9FD4A00D4FC03;
			remoteInfo = "RNSpinkit-tvOS";
		};
		3F8C10A11FBEDE4300793122 /* PBXContainerItemProxy */ = {
			isa = PBXContainerItemProxy;
			containerPortal = 441C0C93F86B4A6B8D63A6C1 /* RCTOneSignal.xcodeproj */;
			proxyType = 2;
			remoteGlobalIDString = 3245CDED1BFEE35C00EABF68;
			remoteInfo = RCTOneSignal;
		};
		3F9FD1761FDA96D80036317F /* PBXContainerItemProxy */ = {
			isa = PBXContainerItemProxy;
			containerPortal = 79692138273748879C9C160E /* SMXCrashlytics.xcodeproj */;
			proxyType = 2;
			remoteGlobalIDString = D8D9DB831C6D03DB009FBC0E;
			remoteInfo = SMXCrashlytics;
		};
		3F9FD1781FDA96D80036317F /* PBXContainerItemProxy */ = {
			isa = PBXContainerItemProxy;
			containerPortal = 79692138273748879C9C160E /* SMXCrashlytics.xcodeproj */;
			proxyType = 2;
			remoteGlobalIDString = 6463C84C1EBA12A60095B8CD;
			remoteInfo = "SMXCrashlytics-tvOS";
		};
		3FAE0A251F82C29500DAB5C4 /* PBXContainerItemProxy */ = {
			isa = PBXContainerItemProxy;
			containerPortal = C120EEE839DC417C9C933705 /* RNFS.xcodeproj */;
			proxyType = 2;
			remoteGlobalIDString = F12AFB9B1ADAF8F800E0535D;
			remoteInfo = RNFS;
		};
		3FAE0A271F82C29500DAB5C4 /* PBXContainerItemProxy */ = {
			isa = PBXContainerItemProxy;
			containerPortal = C120EEE839DC417C9C933705 /* RNFS.xcodeproj */;
			proxyType = 2;
			remoteGlobalIDString = 6456441F1EB8DA9100672408;
			remoteInfo = "RNFS-tvOS";
		};
		5E9157321DD0AC6500FF2AA8 /* PBXContainerItemProxy */ = {
			isa = PBXContainerItemProxy;
			containerPortal = 5E91572D1DD0AC6500FF2AA8 /* RCTAnimation.xcodeproj */;
			proxyType = 2;
			remoteGlobalIDString = 134814201AA4EA6300B7C361;
			remoteInfo = RCTAnimation;
		};
		5E9157341DD0AC6500FF2AA8 /* PBXContainerItemProxy */ = {
			isa = PBXContainerItemProxy;
			containerPortal = 5E91572D1DD0AC6500FF2AA8 /* RCTAnimation.xcodeproj */;
			proxyType = 2;
			remoteGlobalIDString = 2D2A28201D9B03D100D4039D;
			remoteInfo = "RCTAnimation-tvOS";
		};
		78C398B81ACF4ADC00677621 /* PBXContainerItemProxy */ = {
			isa = PBXContainerItemProxy;
			containerPortal = 78C398B01ACF4ADC00677621 /* RCTLinking.xcodeproj */;
			proxyType = 2;
			remoteGlobalIDString = 134814201AA4EA6300B7C361;
			remoteInfo = RCTLinking;
		};
		832341B41AAA6A8300B99B32 /* PBXContainerItemProxy */ = {
			isa = PBXContainerItemProxy;
			containerPortal = 832341B01AAA6A8300B99B32 /* RCTText.xcodeproj */;
			proxyType = 2;
			remoteGlobalIDString = 58B5119B1A9E6C1200147676;
			remoteInfo = RCTText;
		};
/* End PBXContainerItemProxy section */

/* Begin PBXFileReference section */
		008F07F21AC5B25A0029DE68 /* main.jsbundle */ = {isa = PBXFileReference; fileEncoding = 4; lastKnownFileType = text; path = main.jsbundle; sourceTree = "<group>"; };
		00C302A71ABCB8CE00DB3ED1 /* RCTActionSheet.xcodeproj */ = {isa = PBXFileReference; lastKnownFileType = "wrapper.pb-project"; name = RCTActionSheet.xcodeproj; path = "../node_modules/react-native/Libraries/ActionSheetIOS/RCTActionSheet.xcodeproj"; sourceTree = "<group>"; };
		00C302B51ABCB90400DB3ED1 /* RCTGeolocation.xcodeproj */ = {isa = PBXFileReference; lastKnownFileType = "wrapper.pb-project"; name = RCTGeolocation.xcodeproj; path = "../node_modules/react-native/Libraries/Geolocation/RCTGeolocation.xcodeproj"; sourceTree = "<group>"; };
		00C302BB1ABCB91800DB3ED1 /* RCTImage.xcodeproj */ = {isa = PBXFileReference; lastKnownFileType = "wrapper.pb-project"; name = RCTImage.xcodeproj; path = "../node_modules/react-native/Libraries/Image/RCTImage.xcodeproj"; sourceTree = "<group>"; };
		00C302D31ABCB9D200DB3ED1 /* RCTNetwork.xcodeproj */ = {isa = PBXFileReference; lastKnownFileType = "wrapper.pb-project"; name = RCTNetwork.xcodeproj; path = "../node_modules/react-native/Libraries/Network/RCTNetwork.xcodeproj"; sourceTree = "<group>"; };
		00C302DF1ABCB9EE00DB3ED1 /* RCTVibration.xcodeproj */ = {isa = PBXFileReference; lastKnownFileType = "wrapper.pb-project"; name = RCTVibration.xcodeproj; path = "../node_modules/react-native/Libraries/Vibration/RCTVibration.xcodeproj"; sourceTree = "<group>"; };
		00E356EE1AD99517003FC87E /* MicrosuranceTests.xctest */ = {isa = PBXFileReference; explicitFileType = wrapper.cfbundle; includeInIndex = 0; path = MicrosuranceTests.xctest; sourceTree = BUILT_PRODUCTS_DIR; };
		00E356F11AD99517003FC87E /* Info.plist */ = {isa = PBXFileReference; lastKnownFileType = text.plist.xml; path = Info.plist; sourceTree = "<group>"; };
		00E356F21AD99517003FC87E /* MicrosuranceTests.m */ = {isa = PBXFileReference; lastKnownFileType = sourcecode.c.objc; path = MicrosuranceTests.m; sourceTree = "<group>"; };
		0A9AC432BD52431592DB7B06 /* libSMXCrashlytics.a */ = {isa = PBXFileReference; explicitFileType = undefined; fileEncoding = 9; includeInIndex = 0; lastKnownFileType = archive.ar; path = libSMXCrashlytics.a; sourceTree = "<group>"; };
		139105B61AF99BAD00B5F7CC /* RCTSettings.xcodeproj */ = {isa = PBXFileReference; lastKnownFileType = "wrapper.pb-project"; name = RCTSettings.xcodeproj; path = "../node_modules/react-native/Libraries/Settings/RCTSettings.xcodeproj"; sourceTree = "<group>"; };
		139FDEE61B06529A00C62182 /* RCTWebSocket.xcodeproj */ = {isa = PBXFileReference; lastKnownFileType = "wrapper.pb-project"; name = RCTWebSocket.xcodeproj; path = "../node_modules/react-native/Libraries/WebSocket/RCTWebSocket.xcodeproj"; sourceTree = "<group>"; };
		13B07F961A680F5B00A75B9A /* Microsurance.app */ = {isa = PBXFileReference; explicitFileType = wrapper.application; includeInIndex = 0; path = Microsurance.app; sourceTree = BUILT_PRODUCTS_DIR; };
		13B07FAF1A68108700A75B9A /* AppDelegate.h */ = {isa = PBXFileReference; fileEncoding = 4; lastKnownFileType = sourcecode.c.h; name = AppDelegate.h; path = Microsurance/AppDelegate.h; sourceTree = "<group>"; };
		13B07FB01A68108700A75B9A /* AppDelegate.m */ = {isa = PBXFileReference; fileEncoding = 4; lastKnownFileType = sourcecode.c.objc; name = AppDelegate.m; path = Microsurance/AppDelegate.m; sourceTree = "<group>"; };
		13B07FB21A68108700A75B9A /* Base */ = {isa = PBXFileReference; lastKnownFileType = file.xib; name = Base; path = Base.lproj/LaunchScreen.xib; sourceTree = "<group>"; };
		13B07FB61A68108700A75B9A /* Info.plist */ = {isa = PBXFileReference; fileEncoding = 4; lastKnownFileType = text.plist.xml; name = Info.plist; path = Microsurance/Info.plist; sourceTree = "<group>"; };
		13B07FB71A68108700A75B9A /* main.m */ = {isa = PBXFileReference; fileEncoding = 4; lastKnownFileType = sourcecode.c.objc; name = main.m; path = Microsurance/main.m; sourceTree = "<group>"; };
		146833FF1AC3E56700842450 /* React.xcodeproj */ = {isa = PBXFileReference; lastKnownFileType = "wrapper.pb-project"; name = React.xcodeproj; path = "../node_modules/react-native/React/React.xcodeproj"; sourceTree = "<group>"; };
		2555A9A495694C2DA43F3950 /* RNAppsee.xcodeproj */ = {isa = PBXFileReference; explicitFileType = undefined; fileEncoding = 9; includeInIndex = 0; lastKnownFileType = "wrapper.pb-project"; name = RNAppsee.xcodeproj; path = "../node_modules/react-native-appsee/ios/RNAppsee.xcodeproj"; sourceTree = "<group>"; };
		26EEA7131B3C4C4C9B28E87C /* Entypo.ttf */ = {isa = PBXFileReference; explicitFileType = undefined; fileEncoding = 9; includeInIndex = 0; lastKnownFileType = unknown; name = Entypo.ttf; path = "../node_modules/react-native-vector-icons/Fonts/Entypo.ttf"; sourceTree = "<group>"; };
		2D02E47B1E0B4A5D006451C7 /* Microsurance-tvOS.app */ = {isa = PBXFileReference; explicitFileType = wrapper.application; includeInIndex = 0; path = "Microsurance-tvOS.app"; sourceTree = BUILT_PRODUCTS_DIR; };
		2D02E4901E0B4A5D006451C7 /* Microsurance-tvOSTests.xctest */ = {isa = PBXFileReference; explicitFileType = wrapper.cfbundle; includeInIndex = 0; path = "Microsurance-tvOSTests.xctest"; sourceTree = BUILT_PRODUCTS_DIR; };
		3E97F22A96254686B1113A30 /* libRNVectorIcons.a */ = {isa = PBXFileReference; explicitFileType = undefined; fileEncoding = 9; includeInIndex = 0; lastKnownFileType = archive.ar; path = libRNVectorIcons.a; sourceTree = "<group>"; };
		3F06AD341EFF449F0028DA38 /* Fabric.framework */ = {isa = PBXFileReference; lastKnownFileType = wrapper.framework; path = Fabric.framework; sourceTree = "<group>"; };
		3F06AD351EFF449F0028DA38 /* Crashlytics.framework */ = {isa = PBXFileReference; lastKnownFileType = wrapper.framework; path = Crashlytics.framework; sourceTree = "<group>"; };
		3F06AD381EFF5F3B0028DA38 /* Bitter.ttf */ = {isa = PBXFileReference; lastKnownFileType = file; name = Bitter.ttf; path = ../android/app/src/main/assets/fonts/Bitter.ttf; sourceTree = "<group>"; };
		3F06AD3A1EFF5F500028DA38 /* Comfortaa-Bold.ttf */ = {isa = PBXFileReference; lastKnownFileType = file; name = "Comfortaa-Bold.ttf"; path = "../android/app/src/main/assets/fonts/Comfortaa-Bold.ttf"; sourceTree = "<group>"; };
		3F25D6001F6C7CA50075C425 /* GoogleService-Info.plist */ = {isa = PBXFileReference; fileEncoding = 4; lastKnownFileType = text.plist.xml; path = "GoogleService-Info.plist"; sourceTree = "<group>"; };
		3F41020D1EFF26FC001B4303 /* Lato.ttf */ = {isa = PBXFileReference; lastKnownFileType = file; name = Lato.ttf; path = ../android/app/src/main/assets/fonts/Lato.ttf; sourceTree = "<group>"; };
		3F4E75C91F8FF8E20070C597 /* ZDCChat.bundle */ = {isa = PBXFileReference; lastKnownFileType = "wrapper.plug-in"; path = ZDCChat.bundle; sourceTree = "<group>"; };
		3F4E75CA1F8FF8E20070C597 /* ZDCChat.framework */ = {isa = PBXFileReference; lastKnownFileType = wrapper.framework; path = ZDCChat.framework; sourceTree = "<group>"; };
		3F4E75CB1F8FF8E20070C597 /* ZDCChatAPI.framework */ = {isa = PBXFileReference; lastKnownFileType = wrapper.framework; path = ZDCChatAPI.framework; sourceTree = "<group>"; };
		3F4E75CC1F8FF8E30070C597 /* ZDCChatStrings.bundle */ = {isa = PBXFileReference; lastKnownFileType = "wrapper.plug-in"; path = ZDCChatStrings.bundle; sourceTree = "<group>"; };
		3FA2DF3A1F61D88300A34E49 /* Images.xcassets */ = {isa = PBXFileReference; lastKnownFileType = folder.assetcatalog; name = Images.xcassets; path = Microsurance/Images.xcassets; sourceTree = "<group>"; };
		3FA2DF681F61DCBF00A34E49 /* RNZendeskChatModule.h */ = {isa = PBXFileReference; fileEncoding = 4; lastKnownFileType = sourcecode.c.h; path = RNZendeskChatModule.h; sourceTree = "<group>"; };
		3FA2DF691F61DCBF00A34E49 /* RNZendeskChatModule.m */ = {isa = PBXFileReference; fileEncoding = 4; lastKnownFileType = sourcecode.c.objc; path = RNZendeskChatModule.m; sourceTree = "<group>"; };
		3FCAC0741FC6D3BA00DD561A /* MicrosuranceUITests.swift */ = {isa = PBXFileReference; lastKnownFileType = sourcecode.swift; path = MicrosuranceUITests.swift; sourceTree = "<group>"; };
		3FCAC0761FC6D3BA00DD561A /* Info.plist */ = {isa = PBXFileReference; lastKnownFileType = text.plist.xml; path = Info.plist; sourceTree = "<group>"; };
		3FF0AD0C1FA3749D008F09E1 /* Lato_Bold.ttf */ = {isa = PBXFileReference; lastKnownFileType = file; name = Lato_Bold.ttf; path = ../../../Downloads/Lato_Bold.ttf; sourceTree = "<group>"; };
		3FF20B351FBA1D7C002D2113 /* Microsurance.entitlements */ = {isa = PBXFileReference; lastKnownFileType = text.plist.entitlements; name = Microsurance.entitlements; path = Microsurance/Microsurance.entitlements; sourceTree = "<group>"; };
		441C0C93F86B4A6B8D63A6C1 /* RCTOneSignal.xcodeproj */ = {isa = PBXFileReference; explicitFileType = undefined; fileEncoding = 9; includeInIndex = 0; lastKnownFileType = "wrapper.pb-project"; name = RCTOneSignal.xcodeproj; path = "../node_modules/react-native-onesignal/ios/RCTOneSignal.xcodeproj"; sourceTree = "<group>"; };
		45DEFEFB1BC14CA7B6E42C2A /* Octicons.ttf */ = {isa = PBXFileReference; explicitFileType = undefined; fileEncoding = 9; includeInIndex = 0; lastKnownFileType = unknown; name = Octicons.ttf; path = "../node_modules/react-native-vector-icons/Fonts/Octicons.ttf"; sourceTree = "<group>"; };
		4B31F264E29847AC9260120A /* Foundation.ttf */ = {isa = PBXFileReference; explicitFileType = undefined; fileEncoding = 9; includeInIndex = 0; lastKnownFileType = unknown; name = Foundation.ttf; path = "../node_modules/react-native-vector-icons/Fonts/Foundation.ttf"; sourceTree = "<group>"; };
		540133F9A6C04693A58504EB /* RNSpinkit.xcodeproj */ = {isa = PBXFileReference; explicitFileType = undefined; fileEncoding = 9; includeInIndex = 0; lastKnownFileType = "wrapper.pb-project"; name = RNSpinkit.xcodeproj; path = "../node_modules/react-native-spinkit/ios/RNSpinkit.xcodeproj"; sourceTree = "<group>"; };
		5A05141396E742339933A7DE /* Zocial.ttf */ = {isa = PBXFileReference; explicitFileType = undefined; fileEncoding = 9; includeInIndex = 0; lastKnownFileType = unknown; name = Zocial.ttf; path = "../node_modules/react-native-vector-icons/Fonts/Zocial.ttf"; sourceTree = "<group>"; };
		5D78ED3977AD4FCABA1EB9D3 /* Ionicons.ttf */ = {isa = PBXFileReference; explicitFileType = undefined; fileEncoding = 9; includeInIndex = 0; lastKnownFileType = unknown; name = Ionicons.ttf; path = "../node_modules/react-native-vector-icons/Fonts/Ionicons.ttf"; sourceTree = "<group>"; };
		5E91572D1DD0AC6500FF2AA8 /* RCTAnimation.xcodeproj */ = {isa = PBXFileReference; lastKnownFileType = "wrapper.pb-project"; name = RCTAnimation.xcodeproj; path = "../node_modules/react-native/Libraries/NativeAnimation/RCTAnimation.xcodeproj"; sourceTree = "<group>"; };
		618A298C9BE24EE0850ECE43 /* RNSound.xcodeproj */ = {isa = PBXFileReference; explicitFileType = undefined; fileEncoding = 9; includeInIndex = 0; lastKnownFileType = "wrapper.pb-project"; name = RNSound.xcodeproj; path = "../node_modules/react-native-sound/RNSound.xcodeproj"; sourceTree = "<group>"; };
		6894FC422D05E5532B3BC8BC /* libPods-Microsurance.a */ = {isa = PBXFileReference; explicitFileType = archive.ar; includeInIndex = 0; path = "libPods-Microsurance.a"; sourceTree = BUILT_PRODUCTS_DIR; };
		6B132F460A6A4B988555A60E /* RNVectorIcons.xcodeproj */ = {isa = PBXFileReference; explicitFileType = undefined; fileEncoding = 9; includeInIndex = 0; lastKnownFileType = "wrapper.pb-project"; name = RNVectorIcons.xcodeproj; path = "../node_modules/react-native-vector-icons/RNVectorIcons.xcodeproj"; sourceTree = "<group>"; };
		6D9E0CAC64F64BE9A82AAD4F /* MaterialCommunityIcons.ttf */ = {isa = PBXFileReference; explicitFileType = undefined; fileEncoding = 9; includeInIndex = 0; lastKnownFileType = unknown; name = MaterialCommunityIcons.ttf; path = "../node_modules/react-native-vector-icons/Fonts/MaterialCommunityIcons.ttf"; sourceTree = "<group>"; };
		78C398B01ACF4ADC00677621 /* RCTLinking.xcodeproj */ = {isa = PBXFileReference; lastKnownFileType = "wrapper.pb-project"; name = RCTLinking.xcodeproj; path = "../node_modules/react-native/Libraries/LinkingIOS/RCTLinking.xcodeproj"; sourceTree = "<group>"; };
		79692138273748879C9C160E /* SMXCrashlytics.xcodeproj */ = {isa = PBXFileReference; explicitFileType = undefined; fileEncoding = 9; includeInIndex = 0; lastKnownFileType = "wrapper.pb-project"; name = SMXCrashlytics.xcodeproj; path = "../node_modules/react-native-fabric/ios/SMXCrashlytics.xcodeproj"; sourceTree = "<group>"; };
		7E79C0B0F8F9489099F9651E /* MaterialIcons.ttf */ = {isa = PBXFileReference; explicitFileType = undefined; fileEncoding = 9; includeInIndex = 0; lastKnownFileType = unknown; name = MaterialIcons.ttf; path = "../node_modules/react-native-vector-icons/Fonts/MaterialIcons.ttf"; sourceTree = "<group>"; };
		832341B01AAA6A8300B99B32 /* RCTText.xcodeproj */ = {isa = PBXFileReference; lastKnownFileType = "wrapper.pb-project"; name = RCTText.xcodeproj; path = "../node_modules/react-native/Libraries/Text/RCTText.xcodeproj"; sourceTree = "<group>"; };
		91968238E613443387457D28 /* libRNFS.a */ = {isa = PBXFileReference; explicitFileType = undefined; fileEncoding = 9; includeInIndex = 0; lastKnownFileType = archive.ar; path = libRNFS.a; sourceTree = "<group>"; };
		A17D6963B4264CDD896BC294 /* SimpleLineIcons.ttf */ = {isa = PBXFileReference; explicitFileType = undefined; fileEncoding = 9; includeInIndex = 0; lastKnownFileType = unknown; name = SimpleLineIcons.ttf; path = "../node_modules/react-native-vector-icons/Fonts/SimpleLineIcons.ttf"; sourceTree = "<group>"; };
		A7A5DD9941B0111C80572749 /* Pods-Microsurance.release.xcconfig */ = {isa = PBXFileReference; includeInIndex = 1; lastKnownFileType = text.xcconfig; name = "Pods-Microsurance.release.xcconfig"; path = "Pods/Target Support Files/Pods-Microsurance/Pods-Microsurance.release.xcconfig"; sourceTree = "<group>"; };
		A84A572B524647C497DCAF43 /* libRCTOneSignal.a */ = {isa = PBXFileReference; explicitFileType = undefined; fileEncoding = 9; includeInIndex = 0; lastKnownFileType = archive.ar; path = libRCTOneSignal.a; sourceTree = "<group>"; };
		AC883382BA9C47A69E3330A3 /* FontAwesome.ttf */ = {isa = PBXFileReference; explicitFileType = undefined; fileEncoding = 9; includeInIndex = 0; lastKnownFileType = unknown; name = FontAwesome.ttf; path = "../node_modules/react-native-vector-icons/Fonts/FontAwesome.ttf"; sourceTree = "<group>"; };
		AD7312CFCBC04F76AA556D73 /* libRNSpinkit.a */ = {isa = PBXFileReference; explicitFileType = undefined; fileEncoding = 9; includeInIndex = 0; lastKnownFileType = archive.ar; path = libRNSpinkit.a; sourceTree = "<group>"; };
		BAF774C3E1EE4CB8B5FF25FE /* libRNAppsee.a */ = {isa = PBXFileReference; explicitFileType = undefined; fileEncoding = 9; includeInIndex = 0; lastKnownFileType = archive.ar; path = libRNAppsee.a; sourceTree = "<group>"; };
		BE9200FBF7F14AA6A190F7E4 /* RNFileOpener.xcodeproj */ = {isa = PBXFileReference; explicitFileType = undefined; fileEncoding = 9; includeInIndex = 0; lastKnownFileType = "wrapper.pb-project"; name = RNFileOpener.xcodeproj; path = "../node_modules/react-native-file-opener/ios/RNFileOpener.xcodeproj"; sourceTree = "<group>"; };
		C120EEE839DC417C9C933705 /* RNFS.xcodeproj */ = {isa = PBXFileReference; explicitFileType = undefined; fileEncoding = 9; includeInIndex = 0; lastKnownFileType = "wrapper.pb-project"; name = RNFS.xcodeproj; path = "../node_modules/react-native-fs/RNFS.xcodeproj"; sourceTree = "<group>"; };
		C2BA7C78843D4C26AFCE55CC /* libz.tbd */ = {isa = PBXFileReference; explicitFileType = undefined; fileEncoding = 9; includeInIndex = 0; lastKnownFileType = "sourcecode.text-based-dylib-definition"; name = libz.tbd; path = usr/lib/libz.tbd; sourceTree = SDKROOT; };
		C53BF5BB57F144DFAB286280 /* EvilIcons.ttf */ = {isa = PBXFileReference; explicitFileType = undefined; fileEncoding = 9; includeInIndex = 0; lastKnownFileType = unknown; name = EvilIcons.ttf; path = "../node_modules/react-native-vector-icons/Fonts/EvilIcons.ttf"; sourceTree = "<group>"; };
		CEB51F606D0E4A60B3CC7EAA /* libRNImagePicker.a */ = {isa = PBXFileReference; explicitFileType = undefined; fileEncoding = 9; includeInIndex = 0; lastKnownFileType = archive.ar; path = libRNImagePicker.a; sourceTree = "<group>"; };
		DEBAFAAA817259C622761D6A /* Pods-Microsurance.debug.xcconfig */ = {isa = PBXFileReference; includeInIndex = 1; lastKnownFileType = text.xcconfig; name = "Pods-Microsurance.debug.xcconfig"; path = "Pods/Target Support Files/Pods-Microsurance/Pods-Microsurance.debug.xcconfig"; sourceTree = "<group>"; };
		E33341618CF648D3A0ADF2A6 /* libRNSound.a */ = {isa = PBXFileReference; explicitFileType = undefined; fileEncoding = 9; includeInIndex = 0; lastKnownFileType = archive.ar; path = libRNSound.a; sourceTree = "<group>"; };
		E8DFABBD2D5D44C8A6866CFD /* libRNFileOpener.a */ = {isa = PBXFileReference; explicitFileType = undefined; fileEncoding = 9; includeInIndex = 0; lastKnownFileType = archive.ar; path = libRNFileOpener.a; sourceTree = "<group>"; };
		F943AD42BB094D8DA66761D9 /* RNImagePicker.xcodeproj */ = {isa = PBXFileReference; explicitFileType = undefined; fileEncoding = 9; includeInIndex = 0; lastKnownFileType = "wrapper.pb-project"; name = RNImagePicker.xcodeproj; path = "../node_modules/react-native-image-picker/ios/RNImagePicker.xcodeproj"; sourceTree = "<group>"; };
/* End PBXFileReference section */

/* Begin PBXFrameworksBuildPhase section */
		00E356EB1AD99517003FC87E /* Frameworks */ = {
			isa = PBXFrameworksBuildPhase;
			buildActionMask = 2147483647;
			files = (
				140ED2AC1D01E1AD002B40FF /* libReact.a in Frameworks */,
			);
			runOnlyForDeploymentPostprocessing = 0;
		};
		13B07F8C1A680F5B00A75B9A /* Frameworks */ = {
			isa = PBXFrameworksBuildPhase;
			buildActionMask = 2147483647;
			files = (
				146834051AC3E58100842450 /* libReact.a in Frameworks */,
				5E9157361DD0AC6A00FF2AA8 /* libRCTAnimation.a in Frameworks */,
				00C302E51ABCBA2D00DB3ED1 /* libRCTActionSheet.a in Frameworks */,
				3F06AD361EFF449F0028DA38 /* Fabric.framework in Frameworks */,
				00C302E71ABCBA2D00DB3ED1 /* libRCTGeolocation.a in Frameworks */,
				00C302E81ABCBA2D00DB3ED1 /* libRCTImage.a in Frameworks */,
				3F4E75CE1F8FF8E30070C597 /* ZDCChat.framework in Frameworks */,
				133E29F31AD74F7200F7D852 /* libRCTLinking.a in Frameworks */,
				00C302E91ABCBA2D00DB3ED1 /* libRCTNetwork.a in Frameworks */,
				3F06AD371EFF449F0028DA38 /* Crashlytics.framework in Frameworks */,
				3F4E75CF1F8FF8E30070C597 /* ZDCChatAPI.framework in Frameworks */,
				139105C61AF99C1200B5F7CC /* libRCTSettings.a in Frameworks */,
				832341BD1AAA6AB300B99B32 /* libRCTText.a in Frameworks */,
				00C302EA1ABCBA2D00DB3ED1 /* libRCTVibration.a in Frameworks */,
				139FDEF61B0652A700C62182 /* libRCTWebSocket.a in Frameworks */,
				381F0795CB5B4D9FA1FD3486 /* libRNSpinkit.a in Frameworks */,
				8F87055EF5FC4D92BC0986CE /* libRNVectorIcons.a in Frameworks */,
				720DCAAE1BF24E318B0F783D /* libRNSound.a in Frameworks */,
				7E8BEED215DA41F4B745CEF6 /* libRNImagePicker.a in Frameworks */,
				CEDA61824C0B4CC49356BCD3 /* libRNFileOpener.a in Frameworks */,
				B1DAFECC2AC2E5345D912E18 /* libPods-Microsurance.a in Frameworks */,
				4E8FE7FE56474951B29E7706 /* libRNFS.a in Frameworks */,
				DDF5132EA03B44B083DF05C5 /* libRCTOneSignal.a in Frameworks */,
				7BE20A1CA3B6416FB559C1C9 /* libSMXCrashlytics.a in Frameworks */,
				F1B7384332814E71A8EBA590 /* libRNAppsee.a in Frameworks */,
				B70F8D03D32B4062B6B40EA5 /* libz.tbd in Frameworks */,
			);
			runOnlyForDeploymentPostprocessing = 0;
		};
		2D02E4781E0B4A5D006451C7 /* Frameworks */ = {
			isa = PBXFrameworksBuildPhase;
			buildActionMask = 2147483647;
			files = (
				2D02E4C91E0B4AEC006451C7 /* libReact.a in Frameworks */,
				2D02E4C21E0B4AEC006451C7 /* libRCTAnimation.a in Frameworks */,
				2D02E4C31E0B4AEC006451C7 /* libRCTImage-tvOS.a in Frameworks */,
				2D02E4C41E0B4AEC006451C7 /* libRCTLinking-tvOS.a in Frameworks */,
				2D02E4C51E0B4AEC006451C7 /* libRCTNetwork-tvOS.a in Frameworks */,
				2D02E4C61E0B4AEC006451C7 /* libRCTSettings-tvOS.a in Frameworks */,
				2D02E4C71E0B4AEC006451C7 /* libRCTText-tvOS.a in Frameworks */,
				2D02E4C81E0B4AEC006451C7 /* libRCTWebSocket-tvOS.a in Frameworks */,
			);
			runOnlyForDeploymentPostprocessing = 0;
		};
		2D02E48D1E0B4A5D006451C7 /* Frameworks */ = {
			isa = PBXFrameworksBuildPhase;
			buildActionMask = 2147483647;
			files = (
			);
			runOnlyForDeploymentPostprocessing = 0;
		};
/* End PBXFrameworksBuildPhase section */

/* Begin PBXGroup section */
		00C302A81ABCB8CE00DB3ED1 /* Products */ = {
			isa = PBXGroup;
			children = (
				00C302AC1ABCB8CE00DB3ED1 /* libRCTActionSheet.a */,
			);
			name = Products;
			sourceTree = "<group>";
		};
		00C302B61ABCB90400DB3ED1 /* Products */ = {
			isa = PBXGroup;
			children = (
				00C302BA1ABCB90400DB3ED1 /* libRCTGeolocation.a */,
			);
			name = Products;
			sourceTree = "<group>";
		};
		00C302BC1ABCB91800DB3ED1 /* Products */ = {
			isa = PBXGroup;
			children = (
				00C302C01ABCB91800DB3ED1 /* libRCTImage.a */,
				3DAD3E841DF850E9000B6D8A /* libRCTImage-tvOS.a */,
			);
			name = Products;
			sourceTree = "<group>";
		};
		00C302D41ABCB9D200DB3ED1 /* Products */ = {
			isa = PBXGroup;
			children = (
				00C302DC1ABCB9D200DB3ED1 /* libRCTNetwork.a */,
				3DAD3E8C1DF850E9000B6D8A /* libRCTNetwork-tvOS.a */,
			);
			name = Products;
			sourceTree = "<group>";
		};
		00C302E01ABCB9EE00DB3ED1 /* Products */ = {
			isa = PBXGroup;
			children = (
				00C302E41ABCB9EE00DB3ED1 /* libRCTVibration.a */,
			);
			name = Products;
			sourceTree = "<group>";
		};
		00E356EF1AD99517003FC87E /* MicrosuranceTests */ = {
			isa = PBXGroup;
			children = (
				00E356F21AD99517003FC87E /* MicrosuranceTests.m */,
				00E356F01AD99517003FC87E /* Supporting Files */,
			);
			path = MicrosuranceTests;
			sourceTree = "<group>";
		};
		00E356F01AD99517003FC87E /* Supporting Files */ = {
			isa = PBXGroup;
			children = (
				00E356F11AD99517003FC87E /* Info.plist */,
			);
			name = "Supporting Files";
			sourceTree = "<group>";
		};
		139105B71AF99BAD00B5F7CC /* Products */ = {
			isa = PBXGroup;
			children = (
				139105C11AF99BAD00B5F7CC /* libRCTSettings.a */,
				3DAD3E901DF850E9000B6D8A /* libRCTSettings-tvOS.a */,
			);
			name = Products;
			sourceTree = "<group>";
		};
		139FDEE71B06529A00C62182 /* Products */ = {
			isa = PBXGroup;
			children = (
				139FDEF41B06529B00C62182 /* libRCTWebSocket.a */,
				3DAD3E991DF850E9000B6D8A /* libRCTWebSocket-tvOS.a */,
			);
			name = Products;
			sourceTree = "<group>";
		};
		13B07FAE1A68108700A75B9A /* Microsurance */ = {
			isa = PBXGroup;
			children = (
				3FF20B351FBA1D7C002D2113 /* Microsurance.entitlements */,
				3F25D6001F6C7CA50075C425 /* GoogleService-Info.plist */,
				008F07F21AC5B25A0029DE68 /* main.jsbundle */,
				13B07FAF1A68108700A75B9A /* AppDelegate.h */,
				13B07FB01A68108700A75B9A /* AppDelegate.m */,
				13B07FB61A68108700A75B9A /* Info.plist */,
				3FA2DF3A1F61D88300A34E49 /* Images.xcassets */,
				13B07FB11A68108700A75B9A /* LaunchScreen.xib */,
				13B07FB71A68108700A75B9A /* main.m */,
			);
			name = Microsurance;
			sourceTree = "<group>";
		};
		146834001AC3E56700842450 /* Products */ = {
			isa = PBXGroup;
			children = (
				146834041AC3E56700842450 /* libReact.a */,
				3DAD3EA31DF850E9000B6D8A /* libReact.a */,
				3DAD3EA51DF850E9000B6D8A /* libyoga.a */,
				3DAD3EA71DF850E9000B6D8A /* libyoga.a */,
				3DAD3EA91DF850E9000B6D8A /* libcxxreact.a */,
				3DAD3EAB1DF850E9000B6D8A /* libcxxreact.a */,
				3DAD3EAD1DF850E9000B6D8A /* libjschelpers.a */,
				3DAD3EAF1DF850E9000B6D8A /* libjschelpers.a */,
			);
			name = Products;
			sourceTree = "<group>";
		};
		29E0C2AB369C2F1A8C1840B7 /* Frameworks */ = {
			isa = PBXGroup;
			children = (
				6894FC422D05E5532B3BC8BC /* libPods-Microsurance.a */,
				C2BA7C78843D4C26AFCE55CC /* libz.tbd */,
			);
			name = Frameworks;
			sourceTree = "<group>";
		};
		3F4101E01EFF268D001B4303 /* Products */ = {
			isa = PBXGroup;
			children = (
				3F4102091EFF268D001B4303 /* libRNSpinkit.a */,
				3F88B5B61F6097D3000A4EFE /* libRNSpinkit.a */,
			);
			name = Products;
			sourceTree = "<group>";
		};
		3F4101E21EFF268D001B4303 /* Products */ = {
			isa = PBXGroup;
			children = (
				3F41020C1EFF268D001B4303 /* libRNVectorIcons.a */,
			);
			name = Products;
			sourceTree = "<group>";
		};
		3F4101E41EFF268D001B4303 /* Products */ = {
			isa = PBXGroup;
			children = (
				3F4102061EFF268D001B4303 /* libRNSound.a */,
			);
			name = Products;
			sourceTree = "<group>";
		};
		3F4101E61EFF268D001B4303 /* Products */ = {
			isa = PBXGroup;
			children = (
				3F4102031EFF268D001B4303 /* libRNImagePicker.a */,
			);
			name = Products;
			sourceTree = "<group>";
		};
		3F42A3301FDDDD66000F92F5 /* Products */ = {
			isa = PBXGroup;
			children = (
				3F42A34E1FDDDD66000F92F5 /* libRNAppsee.a */,
			);
			name = Products;
			sourceTree = "<group>";
		};
		3F88B5901F6097D3000A4EFE /* Products */ = {
			isa = PBXGroup;
			children = (
				3F88B5B01F6097D3000A4EFE /* libRNFileOpener.a */,
			);
			name = Products;
			sourceTree = "<group>";
		};
		3F8C10941FBEDE4300793122 /* Products */ = {
			isa = PBXGroup;
			children = (
				3F8C10A21FBEDE4300793122 /* libRCTOneSignal.a */,
			);
			name = Products;
			sourceTree = "<group>";
		};
		3F9FD1501FDA96D80036317F /* Products */ = {
			isa = PBXGroup;
			children = (
				3F9FD1771FDA96D80036317F /* libSMXCrashlytics.a */,
				3F9FD1791FDA96D80036317F /* libSMXCrashlytics.a */,
			);
			name = Products;
			sourceTree = "<group>";
		};
		3FAE0A061F82C29500DAB5C4 /* Products */ = {
			isa = PBXGroup;
			children = (
				3FAE0A261F82C29500DAB5C4 /* libRNFS.a */,
				3FAE0A281F82C29500DAB5C4 /* libRNFS.a */,
			);
			name = Products;
			sourceTree = "<group>";
		};
		3FCAC0731FC6D3BA00DD561A /* MicrosuranceUITests */ = {
			isa = PBXGroup;
			children = (
				3FCAC0741FC6D3BA00DD561A /* MicrosuranceUITests.swift */,
				3FCAC0761FC6D3BA00DD561A /* Info.plist */,
			);
			path = MicrosuranceUITests;
			sourceTree = "<group>";
		};
		5E91572E1DD0AC6500FF2AA8 /* Products */ = {
			isa = PBXGroup;
			children = (
				5E9157331DD0AC6500FF2AA8 /* libRCTAnimation.a */,
				5E9157351DD0AC6500FF2AA8 /* libRCTAnimation.a */,
			);
			name = Products;
			sourceTree = "<group>";
		};
		69BCE28A83C60C0AF36DA2F2 /* Pods */ = {
			isa = PBXGroup;
			children = (
				DEBAFAAA817259C622761D6A /* Pods-Microsurance.debug.xcconfig */,
				A7A5DD9941B0111C80572749 /* Pods-Microsurance.release.xcconfig */,
			);
			name = Pods;
			sourceTree = "<group>";
		};
		78C398B11ACF4ADC00677621 /* Products */ = {
			isa = PBXGroup;
			children = (
				78C398B91ACF4ADC00677621 /* libRCTLinking.a */,
				3DAD3E881DF850E9000B6D8A /* libRCTLinking-tvOS.a */,
			);
			name = Products;
			sourceTree = "<group>";
		};
		832341AE1AAA6A7D00B99B32 /* Libraries */ = {
			isa = PBXGroup;
			children = (
				5E91572D1DD0AC6500FF2AA8 /* RCTAnimation.xcodeproj */,
				146833FF1AC3E56700842450 /* React.xcodeproj */,
				00C302A71ABCB8CE00DB3ED1 /* RCTActionSheet.xcodeproj */,
				00C302B51ABCB90400DB3ED1 /* RCTGeolocation.xcodeproj */,
				00C302BB1ABCB91800DB3ED1 /* RCTImage.xcodeproj */,
				78C398B01ACF4ADC00677621 /* RCTLinking.xcodeproj */,
				00C302D31ABCB9D200DB3ED1 /* RCTNetwork.xcodeproj */,
				139105B61AF99BAD00B5F7CC /* RCTSettings.xcodeproj */,
				832341B01AAA6A8300B99B32 /* RCTText.xcodeproj */,
				00C302DF1ABCB9EE00DB3ED1 /* RCTVibration.xcodeproj */,
				139FDEE61B06529A00C62182 /* RCTWebSocket.xcodeproj */,
				540133F9A6C04693A58504EB /* RNSpinkit.xcodeproj */,
				6B132F460A6A4B988555A60E /* RNVectorIcons.xcodeproj */,
				618A298C9BE24EE0850ECE43 /* RNSound.xcodeproj */,
				F943AD42BB094D8DA66761D9 /* RNImagePicker.xcodeproj */,
				BE9200FBF7F14AA6A190F7E4 /* RNFileOpener.xcodeproj */,
				C120EEE839DC417C9C933705 /* RNFS.xcodeproj */,
				441C0C93F86B4A6B8D63A6C1 /* RCTOneSignal.xcodeproj */,
				79692138273748879C9C160E /* SMXCrashlytics.xcodeproj */,
				2555A9A495694C2DA43F3950 /* RNAppsee.xcodeproj */,
			);
			name = Libraries;
			sourceTree = "<group>";
		};
		832341B11AAA6A8300B99B32 /* Products */ = {
			isa = PBXGroup;
			children = (
				832341B51AAA6A8300B99B32 /* libRCTText.a */,
				3DAD3E941DF850E9000B6D8A /* libRCTText-tvOS.a */,
			);
			name = Products;
			sourceTree = "<group>";
		};
		83CBB9F61A601CBA00E9B192 = {
			isa = PBXGroup;
			children = (
				3F4E75C91F8FF8E20070C597 /* ZDCChat.bundle */,
				3F4E75CA1F8FF8E20070C597 /* ZDCChat.framework */,
				3F4E75CB1F8FF8E20070C597 /* ZDCChatAPI.framework */,
				3F4E75CC1F8FF8E30070C597 /* ZDCChatStrings.bundle */,
				3FA2DF681F61DCBF00A34E49 /* RNZendeskChatModule.h */,
				3FA2DF691F61DCBF00A34E49 /* RNZendeskChatModule.m */,
				3F06AD341EFF449F0028DA38 /* Fabric.framework */,
				3F06AD351EFF449F0028DA38 /* Crashlytics.framework */,
				13B07FAE1A68108700A75B9A /* Microsurance */,
				832341AE1AAA6A7D00B99B32 /* Libraries */,
				00E356EF1AD99517003FC87E /* MicrosuranceTests */,
				3FCAC0731FC6D3BA00DD561A /* MicrosuranceUITests */,
				83CBBA001A601CBA00E9B192 /* Products */,
				A0F852F93A8C4A0185A33EEE /* Resources */,
				69BCE28A83C60C0AF36DA2F2 /* Pods */,
				29E0C2AB369C2F1A8C1840B7 /* Frameworks */,
			);
			indentWidth = 2;
			sourceTree = "<group>";
			tabWidth = 2;
		};
		83CBBA001A601CBA00E9B192 /* Products */ = {
			isa = PBXGroup;
			children = (
				13B07F961A680F5B00A75B9A /* Microsurance.app */,
				00E356EE1AD99517003FC87E /* MicrosuranceTests.xctest */,
				2D02E47B1E0B4A5D006451C7 /* Microsurance-tvOS.app */,
				2D02E4901E0B4A5D006451C7 /* Microsurance-tvOSTests.xctest */,
			);
			name = Products;
			sourceTree = "<group>";
		};
		A0F852F93A8C4A0185A33EEE /* Resources */ = {
			isa = PBXGroup;
			children = (
				3FF0AD0C1FA3749D008F09E1 /* Lato_Bold.ttf */,
				3F06AD3A1EFF5F500028DA38 /* Comfortaa-Bold.ttf */,
				3F06AD381EFF5F3B0028DA38 /* Bitter.ttf */,
				3F41020D1EFF26FC001B4303 /* Lato.ttf */,
				26EEA7131B3C4C4C9B28E87C /* Entypo.ttf */,
				C53BF5BB57F144DFAB286280 /* EvilIcons.ttf */,
				AC883382BA9C47A69E3330A3 /* FontAwesome.ttf */,
				4B31F264E29847AC9260120A /* Foundation.ttf */,
				5D78ED3977AD4FCABA1EB9D3 /* Ionicons.ttf */,
				6D9E0CAC64F64BE9A82AAD4F /* MaterialCommunityIcons.ttf */,
				7E79C0B0F8F9489099F9651E /* MaterialIcons.ttf */,
				45DEFEFB1BC14CA7B6E42C2A /* Octicons.ttf */,
				A17D6963B4264CDD896BC294 /* SimpleLineIcons.ttf */,
				5A05141396E742339933A7DE /* Zocial.ttf */,
			);
			name = Resources;
			sourceTree = "<group>";
		};
/* End PBXGroup section */

/* Begin PBXNativeTarget section */
		00E356ED1AD99517003FC87E /* MicrosuranceTests */ = {
			isa = PBXNativeTarget;
			buildConfigurationList = 00E357021AD99517003FC87E /* Build configuration list for PBXNativeTarget "MicrosuranceTests" */;
			buildPhases = (
				00E356EA1AD99517003FC87E /* Sources */,
				00E356EB1AD99517003FC87E /* Frameworks */,
				00E356EC1AD99517003FC87E /* Resources */,
			);
			buildRules = (
			);
			dependencies = (
				00E356F51AD99517003FC87E /* PBXTargetDependency */,
			);
			name = MicrosuranceTests;
			productName = MicrosuranceTests;
			productReference = 00E356EE1AD99517003FC87E /* MicrosuranceTests.xctest */;
			productType = "com.apple.product-type.bundle.unit-test";
		};
		13B07F861A680F5B00A75B9A /* Microsurance */ = {
			isa = PBXNativeTarget;
			buildConfigurationList = 13B07F931A680F5B00A75B9A /* Build configuration list for PBXNativeTarget "Microsurance" */;
			buildPhases = (
				7CD196CCD46BB5A0836B6842 /* [CP] Check Pods Manifest.lock */,
				13B07F871A680F5B00A75B9A /* Sources */,
				13B07F8C1A680F5B00A75B9A /* Frameworks */,
				13B07F8E1A680F5B00A75B9A /* Resources */,
				00DD1BFF1BD5951E006B06BC /* Bundle React Native code and images */,
				3F06AD331EFF42D60028DA38 /* Crashlytics */,
				FDC5B483B619D728D030539F /* [CP] Embed Pods Frameworks */,
				212EDF2C37D1BFE588681F2F /* [CP] Copy Pods Resources */,
			);
			buildRules = (
			);
			dependencies = (
			);
			name = Microsurance;
			productName = "Hello World";
			productReference = 13B07F961A680F5B00A75B9A /* Microsurance.app */;
			productType = "com.apple.product-type.application";
		};
		2D02E47A1E0B4A5D006451C7 /* Microsurance-tvOS */ = {
			isa = PBXNativeTarget;
			buildConfigurationList = 2D02E4BA1E0B4A5E006451C7 /* Build configuration list for PBXNativeTarget "Microsurance-tvOS" */;
			buildPhases = (
				2D02E4771E0B4A5D006451C7 /* Sources */,
				2D02E4781E0B4A5D006451C7 /* Frameworks */,
				2D02E4791E0B4A5D006451C7 /* Resources */,
				2D02E4CB1E0B4B27006451C7 /* Bundle React Native Code And Images */,
			);
			buildRules = (
			);
			dependencies = (
			);
			name = "Microsurance-tvOS";
			productName = "Microsurance-tvOS";
			productReference = 2D02E47B1E0B4A5D006451C7 /* Microsurance-tvOS.app */;
			productType = "com.apple.product-type.application";
		};
		2D02E48F1E0B4A5D006451C7 /* Microsurance-tvOSTests */ = {
			isa = PBXNativeTarget;
			buildConfigurationList = 2D02E4BB1E0B4A5E006451C7 /* Build configuration list for PBXNativeTarget "Microsurance-tvOSTests" */;
			buildPhases = (
				2D02E48C1E0B4A5D006451C7 /* Sources */,
				2D02E48D1E0B4A5D006451C7 /* Frameworks */,
				2D02E48E1E0B4A5D006451C7 /* Resources */,
			);
			buildRules = (
			);
			dependencies = (
				2D02E4921E0B4A5D006451C7 /* PBXTargetDependency */,
			);
			name = "Microsurance-tvOSTests";
			productName = "Microsurance-tvOSTests";
			productReference = 2D02E4901E0B4A5D006451C7 /* Microsurance-tvOSTests.xctest */;
			productType = "com.apple.product-type.bundle.unit-test";
		};
/* End PBXNativeTarget section */

/* Begin PBXProject section */
		83CBB9F71A601CBA00E9B192 /* Project object */ = {
			isa = PBXProject;
			attributes = {
				LastSwiftUpdateCheck = 830;
				LastUpgradeCheck = 610;
				ORGANIZATIONNAME = Facebook;
				TargetAttributes = {
					00E356ED1AD99517003FC87E = {
						CreatedOnToolsVersion = 6.2;
						DevelopmentTeam = LBMCMHK6QN;
						TestTargetID = 13B07F861A680F5B00A75B9A;
					};
					13B07F861A680F5B00A75B9A = {
						DevelopmentTeam = LBMCMHK6QN;
						ProvisioningStyle = Automatic;
						SystemCapabilities = {
							com.apple.BackgroundModes = {
								enabled = 0;
							};
							com.apple.Push = {
								enabled = 1;
							};
						};
					};
					2D02E47A1E0B4A5D006451C7 = {
						CreatedOnToolsVersion = 8.2.1;
						ProvisioningStyle = Automatic;
					};
					2D02E48F1E0B4A5D006451C7 = {
						CreatedOnToolsVersion = 8.2.1;
						ProvisioningStyle = Automatic;
						TestTargetID = 2D02E47A1E0B4A5D006451C7;
					};
				};
			};
			buildConfigurationList = 83CBB9FA1A601CBA00E9B192 /* Build configuration list for PBXProject "Microsurance" */;
			compatibilityVersion = "Xcode 3.2";
			developmentRegion = English;
			hasScannedForEncodings = 0;
			knownRegions = (
				en,
				Base,
			);
			mainGroup = 83CBB9F61A601CBA00E9B192;
			productRefGroup = 83CBBA001A601CBA00E9B192 /* Products */;
			projectDirPath = "";
			projectReferences = (
				{
					ProductGroup = 00C302A81ABCB8CE00DB3ED1 /* Products */;
					ProjectRef = 00C302A71ABCB8CE00DB3ED1 /* RCTActionSheet.xcodeproj */;
				},
				{
					ProductGroup = 5E91572E1DD0AC6500FF2AA8 /* Products */;
					ProjectRef = 5E91572D1DD0AC6500FF2AA8 /* RCTAnimation.xcodeproj */;
				},
				{
					ProductGroup = 00C302B61ABCB90400DB3ED1 /* Products */;
					ProjectRef = 00C302B51ABCB90400DB3ED1 /* RCTGeolocation.xcodeproj */;
				},
				{
					ProductGroup = 00C302BC1ABCB91800DB3ED1 /* Products */;
					ProjectRef = 00C302BB1ABCB91800DB3ED1 /* RCTImage.xcodeproj */;
				},
				{
					ProductGroup = 78C398B11ACF4ADC00677621 /* Products */;
					ProjectRef = 78C398B01ACF4ADC00677621 /* RCTLinking.xcodeproj */;
				},
				{
					ProductGroup = 00C302D41ABCB9D200DB3ED1 /* Products */;
					ProjectRef = 00C302D31ABCB9D200DB3ED1 /* RCTNetwork.xcodeproj */;
				},
				{
					ProductGroup = 3F8C10941FBEDE4300793122 /* Products */;
					ProjectRef = 441C0C93F86B4A6B8D63A6C1 /* RCTOneSignal.xcodeproj */;
				},
				{
					ProductGroup = 139105B71AF99BAD00B5F7CC /* Products */;
					ProjectRef = 139105B61AF99BAD00B5F7CC /* RCTSettings.xcodeproj */;
				},
				{
					ProductGroup = 832341B11AAA6A8300B99B32 /* Products */;
					ProjectRef = 832341B01AAA6A8300B99B32 /* RCTText.xcodeproj */;
				},
				{
					ProductGroup = 00C302E01ABCB9EE00DB3ED1 /* Products */;
					ProjectRef = 00C302DF1ABCB9EE00DB3ED1 /* RCTVibration.xcodeproj */;
				},
				{
					ProductGroup = 139FDEE71B06529A00C62182 /* Products */;
					ProjectRef = 139FDEE61B06529A00C62182 /* RCTWebSocket.xcodeproj */;
				},
				{
					ProductGroup = 146834001AC3E56700842450 /* Products */;
					ProjectRef = 146833FF1AC3E56700842450 /* React.xcodeproj */;
				},
				{
					ProductGroup = 3F42A3301FDDDD66000F92F5 /* Products */;
					ProjectRef = 2555A9A495694C2DA43F3950 /* RNAppsee.xcodeproj */;
				},
				{
					ProductGroup = 3F88B5901F6097D3000A4EFE /* Products */;
					ProjectRef = BE9200FBF7F14AA6A190F7E4 /* RNFileOpener.xcodeproj */;
				},
				{
					ProductGroup = 3FAE0A061F82C29500DAB5C4 /* Products */;
					ProjectRef = C120EEE839DC417C9C933705 /* RNFS.xcodeproj */;
				},
				{
					ProductGroup = 3F4101E61EFF268D001B4303 /* Products */;
					ProjectRef = F943AD42BB094D8DA66761D9 /* RNImagePicker.xcodeproj */;
				},
				{
					ProductGroup = 3F4101E41EFF268D001B4303 /* Products */;
					ProjectRef = 618A298C9BE24EE0850ECE43 /* RNSound.xcodeproj */;
				},
				{
					ProductGroup = 3F4101E01EFF268D001B4303 /* Products */;
					ProjectRef = 540133F9A6C04693A58504EB /* RNSpinkit.xcodeproj */;
				},
				{
					ProductGroup = 3F4101E21EFF268D001B4303 /* Products */;
					ProjectRef = 6B132F460A6A4B988555A60E /* RNVectorIcons.xcodeproj */;
				},
				{
					ProductGroup = 3F9FD1501FDA96D80036317F /* Products */;
					ProjectRef = 79692138273748879C9C160E /* SMXCrashlytics.xcodeproj */;
				},
			);
			projectRoot = "";
			targets = (
				13B07F861A680F5B00A75B9A /* Microsurance */,
				00E356ED1AD99517003FC87E /* MicrosuranceTests */,
				2D02E47A1E0B4A5D006451C7 /* Microsurance-tvOS */,
				2D02E48F1E0B4A5D006451C7 /* Microsurance-tvOSTests */,
			);
		};
/* End PBXProject section */

/* Begin PBXReferenceProxy section */
		00C302AC1ABCB8CE00DB3ED1 /* libRCTActionSheet.a */ = {
			isa = PBXReferenceProxy;
			fileType = archive.ar;
			path = libRCTActionSheet.a;
			remoteRef = 00C302AB1ABCB8CE00DB3ED1 /* PBXContainerItemProxy */;
			sourceTree = BUILT_PRODUCTS_DIR;
		};
		00C302BA1ABCB90400DB3ED1 /* libRCTGeolocation.a */ = {
			isa = PBXReferenceProxy;
			fileType = archive.ar;
			path = libRCTGeolocation.a;
			remoteRef = 00C302B91ABCB90400DB3ED1 /* PBXContainerItemProxy */;
			sourceTree = BUILT_PRODUCTS_DIR;
		};
		00C302C01ABCB91800DB3ED1 /* libRCTImage.a */ = {
			isa = PBXReferenceProxy;
			fileType = archive.ar;
			path = libRCTImage.a;
			remoteRef = 00C302BF1ABCB91800DB3ED1 /* PBXContainerItemProxy */;
			sourceTree = BUILT_PRODUCTS_DIR;
		};
		00C302DC1ABCB9D200DB3ED1 /* libRCTNetwork.a */ = {
			isa = PBXReferenceProxy;
			fileType = archive.ar;
			path = libRCTNetwork.a;
			remoteRef = 00C302DB1ABCB9D200DB3ED1 /* PBXContainerItemProxy */;
			sourceTree = BUILT_PRODUCTS_DIR;
		};
		00C302E41ABCB9EE00DB3ED1 /* libRCTVibration.a */ = {
			isa = PBXReferenceProxy;
			fileType = archive.ar;
			path = libRCTVibration.a;
			remoteRef = 00C302E31ABCB9EE00DB3ED1 /* PBXContainerItemProxy */;
			sourceTree = BUILT_PRODUCTS_DIR;
		};
		139105C11AF99BAD00B5F7CC /* libRCTSettings.a */ = {
			isa = PBXReferenceProxy;
			fileType = archive.ar;
			path = libRCTSettings.a;
			remoteRef = 139105C01AF99BAD00B5F7CC /* PBXContainerItemProxy */;
			sourceTree = BUILT_PRODUCTS_DIR;
		};
		139FDEF41B06529B00C62182 /* libRCTWebSocket.a */ = {
			isa = PBXReferenceProxy;
			fileType = archive.ar;
			path = libRCTWebSocket.a;
			remoteRef = 139FDEF31B06529B00C62182 /* PBXContainerItemProxy */;
			sourceTree = BUILT_PRODUCTS_DIR;
		};
		146834041AC3E56700842450 /* libReact.a */ = {
			isa = PBXReferenceProxy;
			fileType = archive.ar;
			path = libReact.a;
			remoteRef = 146834031AC3E56700842450 /* PBXContainerItemProxy */;
			sourceTree = BUILT_PRODUCTS_DIR;
		};
		3DAD3E841DF850E9000B6D8A /* libRCTImage-tvOS.a */ = {
			isa = PBXReferenceProxy;
			fileType = archive.ar;
			path = "libRCTImage-tvOS.a";
			remoteRef = 3DAD3E831DF850E9000B6D8A /* PBXContainerItemProxy */;
			sourceTree = BUILT_PRODUCTS_DIR;
		};
		3DAD3E881DF850E9000B6D8A /* libRCTLinking-tvOS.a */ = {
			isa = PBXReferenceProxy;
			fileType = archive.ar;
			path = "libRCTLinking-tvOS.a";
			remoteRef = 3DAD3E871DF850E9000B6D8A /* PBXContainerItemProxy */;
			sourceTree = BUILT_PRODUCTS_DIR;
		};
		3DAD3E8C1DF850E9000B6D8A /* libRCTNetwork-tvOS.a */ = {
			isa = PBXReferenceProxy;
			fileType = archive.ar;
			path = "libRCTNetwork-tvOS.a";
			remoteRef = 3DAD3E8B1DF850E9000B6D8A /* PBXContainerItemProxy */;
			sourceTree = BUILT_PRODUCTS_DIR;
		};
		3DAD3E901DF850E9000B6D8A /* libRCTSettings-tvOS.a */ = {
			isa = PBXReferenceProxy;
			fileType = archive.ar;
			path = "libRCTSettings-tvOS.a";
			remoteRef = 3DAD3E8F1DF850E9000B6D8A /* PBXContainerItemProxy */;
			sourceTree = BUILT_PRODUCTS_DIR;
		};
		3DAD3E941DF850E9000B6D8A /* libRCTText-tvOS.a */ = {
			isa = PBXReferenceProxy;
			fileType = archive.ar;
			path = "libRCTText-tvOS.a";
			remoteRef = 3DAD3E931DF850E9000B6D8A /* PBXContainerItemProxy */;
			sourceTree = BUILT_PRODUCTS_DIR;
		};
		3DAD3E991DF850E9000B6D8A /* libRCTWebSocket-tvOS.a */ = {
			isa = PBXReferenceProxy;
			fileType = archive.ar;
			path = "libRCTWebSocket-tvOS.a";
			remoteRef = 3DAD3E981DF850E9000B6D8A /* PBXContainerItemProxy */;
			sourceTree = BUILT_PRODUCTS_DIR;
		};
		3DAD3EA31DF850E9000B6D8A /* libReact.a */ = {
			isa = PBXReferenceProxy;
			fileType = archive.ar;
			path = libReact.a;
			remoteRef = 3DAD3EA21DF850E9000B6D8A /* PBXContainerItemProxy */;
			sourceTree = BUILT_PRODUCTS_DIR;
		};
		3DAD3EA51DF850E9000B6D8A /* libyoga.a */ = {
			isa = PBXReferenceProxy;
			fileType = archive.ar;
			path = libyoga.a;
			remoteRef = 3DAD3EA41DF850E9000B6D8A /* PBXContainerItemProxy */;
			sourceTree = BUILT_PRODUCTS_DIR;
		};
		3DAD3EA71DF850E9000B6D8A /* libyoga.a */ = {
			isa = PBXReferenceProxy;
			fileType = archive.ar;
			path = libyoga.a;
			remoteRef = 3DAD3EA61DF850E9000B6D8A /* PBXContainerItemProxy */;
			sourceTree = BUILT_PRODUCTS_DIR;
		};
		3DAD3EA91DF850E9000B6D8A /* libcxxreact.a */ = {
			isa = PBXReferenceProxy;
			fileType = archive.ar;
			path = libcxxreact.a;
			remoteRef = 3DAD3EA81DF850E9000B6D8A /* PBXContainerItemProxy */;
			sourceTree = BUILT_PRODUCTS_DIR;
		};
		3DAD3EAB1DF850E9000B6D8A /* libcxxreact.a */ = {
			isa = PBXReferenceProxy;
			fileType = archive.ar;
			path = libcxxreact.a;
			remoteRef = 3DAD3EAA1DF850E9000B6D8A /* PBXContainerItemProxy */;
			sourceTree = BUILT_PRODUCTS_DIR;
		};
		3DAD3EAD1DF850E9000B6D8A /* libjschelpers.a */ = {
			isa = PBXReferenceProxy;
			fileType = archive.ar;
			path = libjschelpers.a;
			remoteRef = 3DAD3EAC1DF850E9000B6D8A /* PBXContainerItemProxy */;
			sourceTree = BUILT_PRODUCTS_DIR;
		};
		3DAD3EAF1DF850E9000B6D8A /* libjschelpers.a */ = {
			isa = PBXReferenceProxy;
			fileType = archive.ar;
			path = libjschelpers.a;
			remoteRef = 3DAD3EAE1DF850E9000B6D8A /* PBXContainerItemProxy */;
			sourceTree = BUILT_PRODUCTS_DIR;
		};
		3F4102031EFF268D001B4303 /* libRNImagePicker.a */ = {
			isa = PBXReferenceProxy;
			fileType = archive.ar;
			path = libRNImagePicker.a;
			remoteRef = 3F4102021EFF268D001B4303 /* PBXContainerItemProxy */;
			sourceTree = BUILT_PRODUCTS_DIR;
		};
		3F4102061EFF268D001B4303 /* libRNSound.a */ = {
			isa = PBXReferenceProxy;
			fileType = archive.ar;
			path = libRNSound.a;
			remoteRef = 3F4102051EFF268D001B4303 /* PBXContainerItemProxy */;
			sourceTree = BUILT_PRODUCTS_DIR;
		};
		3F4102091EFF268D001B4303 /* libRNSpinkit.a */ = {
			isa = PBXReferenceProxy;
			fileType = archive.ar;
			path = libRNSpinkit.a;
			remoteRef = 3F4102081EFF268D001B4303 /* PBXContainerItemProxy */;
			sourceTree = BUILT_PRODUCTS_DIR;
		};
		3F41020C1EFF268D001B4303 /* libRNVectorIcons.a */ = {
			isa = PBXReferenceProxy;
			fileType = archive.ar;
			path = libRNVectorIcons.a;
			remoteRef = 3F41020B1EFF268D001B4303 /* PBXContainerItemProxy */;
			sourceTree = BUILT_PRODUCTS_DIR;
		};
		3F42A34E1FDDDD66000F92F5 /* libRNAppsee.a */ = {
			isa = PBXReferenceProxy;
			fileType = archive.ar;
			path = libRNAppsee.a;
			remoteRef = 3F42A34D1FDDDD66000F92F5 /* PBXContainerItemProxy */;
			sourceTree = BUILT_PRODUCTS_DIR;
		};
		3F88B5B01F6097D3000A4EFE /* libRNFileOpener.a */ = {
			isa = PBXReferenceProxy;
			fileType = archive.ar;
			path = libRNFileOpener.a;
			remoteRef = 3F88B5AF1F6097D3000A4EFE /* PBXContainerItemProxy */;
			sourceTree = BUILT_PRODUCTS_DIR;
		};
		3F88B5B61F6097D3000A4EFE /* libRNSpinkit.a */ = {
			isa = PBXReferenceProxy;
			fileType = archive.ar;
			path = libRNSpinkit.a;
			remoteRef = 3F88B5B51F6097D3000A4EFE /* PBXContainerItemProxy */;
			sourceTree = BUILT_PRODUCTS_DIR;
		};
		3F8C10A21FBEDE4300793122 /* libRCTOneSignal.a */ = {
			isa = PBXReferenceProxy;
			fileType = archive.ar;
			path = libRCTOneSignal.a;
			remoteRef = 3F8C10A11FBEDE4300793122 /* PBXContainerItemProxy */;
			sourceTree = BUILT_PRODUCTS_DIR;
		};
		3F9FD1771FDA96D80036317F /* libSMXCrashlytics.a */ = {
			isa = PBXReferenceProxy;
			fileType = archive.ar;
			path = libSMXCrashlytics.a;
			remoteRef = 3F9FD1761FDA96D80036317F /* PBXContainerItemProxy */;
			sourceTree = BUILT_PRODUCTS_DIR;
		};
		3F9FD1791FDA96D80036317F /* libSMXCrashlytics.a */ = {
			isa = PBXReferenceProxy;
			fileType = archive.ar;
			path = libSMXCrashlytics.a;
			remoteRef = 3F9FD1781FDA96D80036317F /* PBXContainerItemProxy */;
			sourceTree = BUILT_PRODUCTS_DIR;
		};
		3FAE0A261F82C29500DAB5C4 /* libRNFS.a */ = {
			isa = PBXReferenceProxy;
			fileType = archive.ar;
			path = libRNFS.a;
			remoteRef = 3FAE0A251F82C29500DAB5C4 /* PBXContainerItemProxy */;
			sourceTree = BUILT_PRODUCTS_DIR;
		};
		3FAE0A281F82C29500DAB5C4 /* libRNFS.a */ = {
			isa = PBXReferenceProxy;
			fileType = archive.ar;
			path = libRNFS.a;
			remoteRef = 3FAE0A271F82C29500DAB5C4 /* PBXContainerItemProxy */;
			sourceTree = BUILT_PRODUCTS_DIR;
		};
		5E9157331DD0AC6500FF2AA8 /* libRCTAnimation.a */ = {
			isa = PBXReferenceProxy;
			fileType = archive.ar;
			path = libRCTAnimation.a;
			remoteRef = 5E9157321DD0AC6500FF2AA8 /* PBXContainerItemProxy */;
			sourceTree = BUILT_PRODUCTS_DIR;
		};
		5E9157351DD0AC6500FF2AA8 /* libRCTAnimation.a */ = {
			isa = PBXReferenceProxy;
			fileType = archive.ar;
			path = libRCTAnimation.a;
			remoteRef = 5E9157341DD0AC6500FF2AA8 /* PBXContainerItemProxy */;
			sourceTree = BUILT_PRODUCTS_DIR;
		};
		78C398B91ACF4ADC00677621 /* libRCTLinking.a */ = {
			isa = PBXReferenceProxy;
			fileType = archive.ar;
			path = libRCTLinking.a;
			remoteRef = 78C398B81ACF4ADC00677621 /* PBXContainerItemProxy */;
			sourceTree = BUILT_PRODUCTS_DIR;
		};
		832341B51AAA6A8300B99B32 /* libRCTText.a */ = {
			isa = PBXReferenceProxy;
			fileType = archive.ar;
			path = libRCTText.a;
			remoteRef = 832341B41AAA6A8300B99B32 /* PBXContainerItemProxy */;
			sourceTree = BUILT_PRODUCTS_DIR;
		};
/* End PBXReferenceProxy section */

/* Begin PBXResourcesBuildPhase section */
		00E356EC1AD99517003FC87E /* Resources */ = {
			isa = PBXResourcesBuildPhase;
			buildActionMask = 2147483647;
			files = (
			);
			runOnlyForDeploymentPostprocessing = 0;
		};
		13B07F8E1A680F5B00A75B9A /* Resources */ = {
			isa = PBXResourcesBuildPhase;
			buildActionMask = 2147483647;
			files = (
				3F06AD391EFF5F3B0028DA38 /* Bitter.ttf in Resources */,
				3F06AD3B1EFF5F500028DA38 /* Comfortaa-Bold.ttf in Resources */,
				13B07FBD1A68108700A75B9A /* LaunchScreen.xib in Resources */,
				3F4E75CD1F8FF8E30070C597 /* ZDCChat.bundle in Resources */,
				3F41020E1EFF26FC001B4303 /* Lato.ttf in Resources */,
				36FDD78FFAC24A1D8C93B142 /* Entypo.ttf in Resources */,
				CE4F8FACBB844A56948B34A7 /* EvilIcons.ttf in Resources */,
				3C47F5E1514B48E0ABB89DAB /* FontAwesome.ttf in Resources */,
				18E439D1B3E444F9926C8E0D /* Foundation.ttf in Resources */,
				5C455B84CB9F4D31900CAF43 /* Ionicons.ttf in Resources */,
				EAF77E8861684225831708B9 /* MaterialCommunityIcons.ttf in Resources */,
				3F25D6011F6C7CA50075C425 /* GoogleService-Info.plist in Resources */,
				3F4E75D01F8FF8E30070C597 /* ZDCChatStrings.bundle in Resources */,
				3FA2DF3B1F61D88300A34E49 /* Images.xcassets in Resources */,
				2D2B7BEB81D847E4ACB9EBB7 /* MaterialIcons.ttf in Resources */,
				6E0FAC4A025E44129027A6F5 /* Octicons.ttf in Resources */,
				92AB07F86F4F4486A6979B15 /* SimpleLineIcons.ttf in Resources */,
				3FF0AD0D1FA3749D008F09E1 /* Lato_Bold.ttf in Resources */,
				4D2B225A568248F5AA8E5FC1 /* Zocial.ttf in Resources */,
			);
			runOnlyForDeploymentPostprocessing = 0;
		};
		2D02E4791E0B4A5D006451C7 /* Resources */ = {
			isa = PBXResourcesBuildPhase;
			buildActionMask = 2147483647;
			files = (
			);
			runOnlyForDeploymentPostprocessing = 0;
		};
		2D02E48E1E0B4A5D006451C7 /* Resources */ = {
			isa = PBXResourcesBuildPhase;
			buildActionMask = 2147483647;
			files = (
			);
			runOnlyForDeploymentPostprocessing = 0;
		};
/* End PBXResourcesBuildPhase section */

/* Begin PBXShellScriptBuildPhase section */
		00DD1BFF1BD5951E006B06BC /* Bundle React Native code and images */ = {
			isa = PBXShellScriptBuildPhase;
			buildActionMask = 2147483647;
			files = (
			);
			inputPaths = (
			);
			name = "Bundle React Native code and images";
			outputPaths = (
			);
			runOnlyForDeploymentPostprocessing = 0;
			shellPath = /bin/sh;
			shellScript = "export NODE_BINARY=node\n../node_modules/react-native/packager/react-native-xcode.sh";
		};
		212EDF2C37D1BFE588681F2F /* [CP] Copy Pods Resources */ = {
			isa = PBXShellScriptBuildPhase;
			buildActionMask = 2147483647;
			files = (
			);
			inputPaths = (
				"${SRCROOT}/Pods/Target Support Files/Pods-Microsurance/Pods-Microsurance-resources.sh",
				"${PODS_ROOT}/Mixpanel/Mixpanel/Images/MPArrowLeft.png",
				"${PODS_ROOT}/Mixpanel/Mixpanel/Images/MPArrowLeft@2x.png",
				"${PODS_ROOT}/Mixpanel/Mixpanel/Images/MPArrowRight.png",
				"${PODS_ROOT}/Mixpanel/Mixpanel/Images/MPArrowRight@2x.png",
				"${PODS_ROOT}/Mixpanel/Mixpanel/Images/MPCheckmark.png",
				"${PODS_ROOT}/Mixpanel/Mixpanel/Images/MPCheckmark@2x.png",
				"${PODS_ROOT}/Mixpanel/Mixpanel/Images/MPCloseButton.png",
				"${PODS_ROOT}/Mixpanel/Mixpanel/Images/MPCloseButton@2x.png",
				"${PODS_ROOT}/Mixpanel/Mixpanel/Images/MPCloseButton@3x.png",
				"${PODS_ROOT}/Mixpanel/Mixpanel/Images/MPDismissKeyboard.png",
				"${PODS_ROOT}/Mixpanel/Mixpanel/Images/MPDismissKeyboard@2x.png",
				"${PODS_ROOT}/Mixpanel/Mixpanel/Images/MPLogo.png",
				"${PODS_ROOT}/Mixpanel/Mixpanel/Images/MPLogo@2x.png",
				"${PODS_ROOT}/Mixpanel/Mixpanel/Images/placeholder-image.png",
				"${PODS_ROOT}/Mixpanel/Mixpanel/MPTakeoverNotificationViewController~ipad.xib",
				"${PODS_ROOT}/Mixpanel/Mixpanel/MPTakeoverNotificationViewController~iphonelandscape.xib",
				"${PODS_ROOT}/Mixpanel/Mixpanel/MPTakeoverNotificationViewController~iphoneportrait.xib",
			);
			name = "[CP] Copy Pods Resources";
			outputPaths = (
				"${TARGET_BUILD_DIR}/${UNLOCALIZED_RESOURCES_FOLDER_PATH}",
			);
			runOnlyForDeploymentPostprocessing = 0;
			shellPath = /bin/sh;
			shellScript = "\"${SRCROOT}/Pods/Target Support Files/Pods-Microsurance/Pods-Microsurance-resources.sh\"\n";
			showEnvVarsInLog = 0;
		};
		2D02E4CB1E0B4B27006451C7 /* Bundle React Native Code And Images */ = {
			isa = PBXShellScriptBuildPhase;
			buildActionMask = 2147483647;
			files = (
			);
			inputPaths = (
			);
			name = "Bundle React Native Code And Images";
			outputPaths = (
			);
			runOnlyForDeploymentPostprocessing = 0;
			shellPath = /bin/sh;
			shellScript = "export NODE_BINARY=node\n../node_modules/react-native/packager/react-native-xcode.sh";
		};
		3F06AD331EFF42D60028DA38 /* Crashlytics */ = {
			isa = PBXShellScriptBuildPhase;
			buildActionMask = 2147483647;
			files = (
			);
			inputPaths = (
			);
			name = Crashlytics;
			outputPaths = (
			);
			runOnlyForDeploymentPostprocessing = 0;
			shellPath = /bin/sh;
			shellScript = "./Fabric.framework/run c3cd8e7b8eaef764bdb92f2e31de0cb74bbebb78 41efdeeec913651e508a704f24d6615ee7c943a01400711103d2df6487132187";
		};
		7CD196CCD46BB5A0836B6842 /* [CP] Check Pods Manifest.lock */ = {
			isa = PBXShellScriptBuildPhase;
			buildActionMask = 2147483647;
			files = (
			);
			inputPaths = (
				"${PODS_PODFILE_DIR_PATH}/Podfile.lock",
				"${PODS_ROOT}/Manifest.lock",
			);
			name = "[CP] Check Pods Manifest.lock";
			outputPaths = (
				"$(DERIVED_FILE_DIR)/Pods-Microsurance-checkManifestLockResult.txt",
			);
			runOnlyForDeploymentPostprocessing = 0;
			shellPath = /bin/sh;
			shellScript = "diff \"${PODS_PODFILE_DIR_PATH}/Podfile.lock\" \"${PODS_ROOT}/Manifest.lock\" > /dev/null\nif [ $? != 0 ] ; then\n    # print error to STDERR\n    echo \"error: The sandbox is not in sync with the Podfile.lock. Run 'pod install' or update your CocoaPods installation.\" >&2\n    exit 1\nfi\n# This output is used by Xcode 'outputs' to avoid re-running this script phase.\necho \"SUCCESS\" > \"${SCRIPT_OUTPUT_FILE_0}\"\n";
			showEnvVarsInLog = 0;
		};
		FDC5B483B619D728D030539F /* [CP] Embed Pods Frameworks */ = {
			isa = PBXShellScriptBuildPhase;
			buildActionMask = 2147483647;
			files = (
			);
			inputPaths = (
			);
			name = "[CP] Embed Pods Frameworks";
			outputPaths = (
			);
			runOnlyForDeploymentPostprocessing = 0;
			shellPath = /bin/sh;
			shellScript = "\"${SRCROOT}/Pods/Target Support Files/Pods-Microsurance/Pods-Microsurance-frameworks.sh\"\n";
			showEnvVarsInLog = 0;
		};
/* End PBXShellScriptBuildPhase section */

/* Begin PBXSourcesBuildPhase section */
		00E356EA1AD99517003FC87E /* Sources */ = {
			isa = PBXSourcesBuildPhase;
			buildActionMask = 2147483647;
			files = (
				00E356F31AD99517003FC87E /* MicrosuranceTests.m in Sources */,
			);
			runOnlyForDeploymentPostprocessing = 0;
		};
		13B07F871A680F5B00A75B9A /* Sources */ = {
			isa = PBXSourcesBuildPhase;
			buildActionMask = 2147483647;
			files = (
				13B07FBC1A68108700A75B9A /* AppDelegate.m in Sources */,
				13B07FC11A68108700A75B9A /* main.m in Sources */,
				3FA2DF6A1F61DCBF00A34E49 /* RNZendeskChatModule.m in Sources */,
			);
			runOnlyForDeploymentPostprocessing = 0;
		};
		2D02E4771E0B4A5D006451C7 /* Sources */ = {
			isa = PBXSourcesBuildPhase;
			buildActionMask = 2147483647;
			files = (
				2D02E4BF1E0B4AB3006451C7 /* main.m in Sources */,
				2D02E4BC1E0B4A80006451C7 /* AppDelegate.m in Sources */,
			);
			runOnlyForDeploymentPostprocessing = 0;
		};
		2D02E48C1E0B4A5D006451C7 /* Sources */ = {
			isa = PBXSourcesBuildPhase;
			buildActionMask = 2147483647;
			files = (
				2DCD954D1E0B4F2C00145EB5 /* MicrosuranceTests.m in Sources */,
			);
			runOnlyForDeploymentPostprocessing = 0;
		};
/* End PBXSourcesBuildPhase section */

/* Begin PBXTargetDependency section */
		00E356F51AD99517003FC87E /* PBXTargetDependency */ = {
			isa = PBXTargetDependency;
			target = 13B07F861A680F5B00A75B9A /* Microsurance */;
			targetProxy = 00E356F41AD99517003FC87E /* PBXContainerItemProxy */;
		};
		2D02E4921E0B4A5D006451C7 /* PBXTargetDependency */ = {
			isa = PBXTargetDependency;
			target = 2D02E47A1E0B4A5D006451C7 /* Microsurance-tvOS */;
			targetProxy = 2D02E4911E0B4A5D006451C7 /* PBXContainerItemProxy */;
		};
/* End PBXTargetDependency section */

/* Begin PBXVariantGroup section */
		13B07FB11A68108700A75B9A /* LaunchScreen.xib */ = {
			isa = PBXVariantGroup;
			children = (
				13B07FB21A68108700A75B9A /* Base */,
			);
			name = LaunchScreen.xib;
			path = Microsurance;
			sourceTree = "<group>";
		};
/* End PBXVariantGroup section */

/* Begin XCBuildConfiguration section */
		00E356F61AD99517003FC87E /* Debug */ = {
			isa = XCBuildConfiguration;
			buildSettings = {
				BUNDLE_LOADER = "$(TEST_HOST)";
				DEVELOPMENT_TEAM = LBMCMHK6QN;
				GCC_PREPROCESSOR_DEFINITIONS = (
					"DEBUG=1",
					"$(inherited)",
				);
				HEADER_SEARCH_PATHS = (
					"$(inherited)",
					"$(SRCROOT)/../node_modules/react-native-spinkit/ios/**",
					"$(SRCROOT)/../node_modules/react-native-vector-icons/RNVectorIconsManager",
					"$(SRCROOT)/../node_modules/react-native-sound/RNSound",
					"$(SRCROOT)/../node_modules/react-native-svg/ios/**",
					"$(SRCROOT)/../node_modules/react-native-image-picker/ios",
					"$(SRCROOT)/../node_modules/react-native-fs/**",
					"$(SRCROOT)/../node_modules/react-native-file-opener/ios/RNFileOpener",
					"$(SRCROOT)/../node_modules/react-native-fs/**",
					"$(SRCROOT)/../node_modules/react-native-onesignal/ios/RCTOneSignal/**",
					"$(SRCROOT)/../node_modules/react-native-fabric/ios/SMXCrashlytics",
					"$(SRCROOT)/../node_modules/react-native-appsee/ios",
				);
				INFOPLIST_FILE = MicrosuranceTests/Info.plist;
				IPHONEOS_DEPLOYMENT_TARGET = 8.0;
				LD_RUNPATH_SEARCH_PATHS = "$(inherited) @executable_path/Frameworks @loader_path/Frameworks";
				LIBRARY_SEARCH_PATHS = (
					"$(inherited)",
					"\"$(SRCROOT)/$(TARGET_NAME)\"",
					"\"$(SRCROOT)/$(TARGET_NAME)\"",
					"\"$(SRCROOT)/$(TARGET_NAME)\"",
				);
				OTHER_LDFLAGS = (
					"-ObjC",
					"-lc++",
				);
				PRODUCT_NAME = "$(TARGET_NAME)";
				TEST_HOST = "$(BUILT_PRODUCTS_DIR)/Microsurance.app/Microsurance";
			};
			name = Debug;
		};
		00E356F71AD99517003FC87E /* Release */ = {
			isa = XCBuildConfiguration;
			buildSettings = {
				BUNDLE_LOADER = "$(TEST_HOST)";
				COPY_PHASE_STRIP = NO;
				DEVELOPMENT_TEAM = LBMCMHK6QN;
				HEADER_SEARCH_PATHS = (
					"$(inherited)",
					"$(SRCROOT)/../node_modules/react-native-spinkit/ios/**",
					"$(SRCROOT)/../node_modules/react-native-vector-icons/RNVectorIconsManager",
					"$(SRCROOT)/../node_modules/react-native-sound/RNSound",
					"$(SRCROOT)/../node_modules/react-native-svg/ios/**",
					"$(SRCROOT)/../node_modules/react-native-image-picker/ios",
					"$(SRCROOT)/../node_modules/react-native-fs/**",
					"$(SRCROOT)/../node_modules/react-native-file-opener/ios/RNFileOpener",
					"$(SRCROOT)/../node_modules/react-native-fs/**",
					"$(SRCROOT)/../node_modules/react-native-onesignal/ios/RCTOneSignal/**",
					"$(SRCROOT)/../node_modules/react-native-fabric/ios/SMXCrashlytics",
					"$(SRCROOT)/../node_modules/react-native-appsee/ios",
				);
				INFOPLIST_FILE = MicrosuranceTests/Info.plist;
				IPHONEOS_DEPLOYMENT_TARGET = 8.0;
				LD_RUNPATH_SEARCH_PATHS = "$(inherited) @executable_path/Frameworks @loader_path/Frameworks";
				LIBRARY_SEARCH_PATHS = (
					"$(inherited)",
					"\"$(SRCROOT)/$(TARGET_NAME)\"",
					"\"$(SRCROOT)/$(TARGET_NAME)\"",
					"\"$(SRCROOT)/$(TARGET_NAME)\"",
				);
				OTHER_LDFLAGS = (
					"-ObjC",
					"-lc++",
				);
				PRODUCT_NAME = "$(TARGET_NAME)";
				TEST_HOST = "$(BUILT_PRODUCTS_DIR)/Microsurance.app/Microsurance";
			};
			name = Release;
		};
		13B07F941A680F5B00A75B9A /* Debug */ = {
			isa = XCBuildConfiguration;
			baseConfigurationReference = DEBAFAAA817259C622761D6A /* Pods-Microsurance.debug.xcconfig */;
			buildSettings = {
				ASSETCATALOG_COMPILER_APPICON_NAME = AppIcon;
				CODE_SIGN_ENTITLEMENTS = Microsurance/Microsurance.entitlements;
				CODE_SIGN_IDENTITY = "iPhone Distribution: Wecare Tech LLP (LBMCMHK6QN)";
				"CODE_SIGN_IDENTITY[sdk=iphoneos*]" = "iPhone Developer";
				CURRENT_PROJECT_VERSION = 1;
				DEAD_CODE_STRIPPING = NO;
				DEVELOPMENT_TEAM = "";
				FRAMEWORK_SEARCH_PATHS = (
					"$(inherited)",
					"$(PROJECT_DIR)",
				);
				HEADER_SEARCH_PATHS = (
					"$(inherited)",
					"$(SRCROOT)/../node_modules/react-native-spinkit/ios/**",
					"$(SRCROOT)/../node_modules/react-native-vector-icons/RNVectorIconsManager",
					"$(SRCROOT)/../node_modules/react-native-sound/RNSound",
					"$(SRCROOT)/../node_modules/react-native-svg/ios/**",
					"$(SRCROOT)/../node_modules/react-native-image-picker/ios",
					"$(SRCROOT)/../node_modules/react-native-fs/**",
					"$(SRCROOT)/../node_modules/react-native-file-opener/ios/RNFileOpener",
					"$(SRCROOT)/../node_modules/react-native-fs/**",
					"$(SRCROOT)/../node_modules/react-native-onesignal/ios/**",
					"$(SRCROOT)/../node_modules/react-native-onesignal/ios/RCTOneSignal/**",
					"$(SRCROOT)/../node_modules/react-native-fabric/ios/SMXCrashlytics",
					"$(SRCROOT)/../node_modules/react-native-appsee/ios",
				);
				INFOPLIST_FILE = Microsurance/Info.plist;
				IPHONEOS_DEPLOYMENT_TARGET = 8.0;
				LD_RUNPATH_SEARCH_PATHS = "$(inherited) @executable_path/Frameworks";
				LIBRARY_SEARCH_PATHS = "$(inherited)";
				OTHER_LDFLAGS = (
					"$(inherited)",
					"-ObjC",
					"-lc++",
				);
				PRODUCT_BUNDLE_IDENTIFIER = com.microumbrella.app;
				PRODUCT_NAME = Microsurance;
				PROVISIONING_PROFILE = "";
				PROVISIONING_PROFILE_SPECIFIER = "";
				VERSIONING_SYSTEM = "apple-generic";
			};
			name = Debug;
		};
		13B07F951A680F5B00A75B9A /* Release */ = {
			isa = XCBuildConfiguration;
			baseConfigurationReference = A7A5DD9941B0111C80572749 /* Pods-Microsurance.release.xcconfig */;
			buildSettings = {
				ASSETCATALOG_COMPILER_APPICON_NAME = AppIcon;
				CODE_SIGN_ENTITLEMENTS = Microsurance/Microsurance.entitlements;
				CODE_SIGN_IDENTITY = "iPhone Distribution: Wecare Tech LLP (LBMCMHK6QN)";
				"CODE_SIGN_IDENTITY[sdk=iphoneos*]" = "iPhone Developer";
				CURRENT_PROJECT_VERSION = 1;
				DEVELOPMENT_TEAM = "";
				FRAMEWORK_SEARCH_PATHS = (
					"$(inherited)",
					"$(PROJECT_DIR)",
				);
				HEADER_SEARCH_PATHS = (
					"$(inherited)",
					"$(SRCROOT)/../node_modules/react-native-spinkit/ios/**",
					"$(SRCROOT)/../node_modules/react-native-vector-icons/RNVectorIconsManager",
					"$(SRCROOT)/../node_modules/react-native-sound/RNSound",
					"$(SRCROOT)/../node_modules/react-native-svg/ios/**",
					"$(SRCROOT)/../node_modules/react-native-image-picker/ios",
					"$(SRCROOT)/../node_modules/react-native-fs/**",
					"$(SRCROOT)/../node_modules/react-native-file-opener/ios/RNFileOpener",
					"$(SRCROOT)/../node_modules/react-native-fs/**",
					"$(SRCROOT)/../node_modules/react-native-onesignal/ios/**",
					"$(SRCROOT)/../node_modules/react-native-onesignal/ios/RCTOneSignal/**",
					"$(SRCROOT)/../node_modules/react-native-fabric/ios/SMXCrashlytics",
					"$(SRCROOT)/../node_modules/react-native-appsee/ios",
				);
				INFOPLIST_FILE = Microsurance/Info.plist;
				IPHONEOS_DEPLOYMENT_TARGET = 8.0;
				LD_RUNPATH_SEARCH_PATHS = "$(inherited) @executable_path/Frameworks";
				LIBRARY_SEARCH_PATHS = "$(inherited)";
				OTHER_LDFLAGS = (
					"$(inherited)",
					"-ObjC",
					"-lc++",
				);
				PRODUCT_BUNDLE_IDENTIFIER = com.microumbrella.app;
				PRODUCT_NAME = Microsurance;
				PROVISIONING_PROFILE = "";
				PROVISIONING_PROFILE_SPECIFIER = "";
				VERSIONING_SYSTEM = "apple-generic";
			};
			name = Release;
		};
		2D02E4971E0B4A5E006451C7 /* Debug */ = {
			isa = XCBuildConfiguration;
			buildSettings = {
				ASSETCATALOG_COMPILER_APPICON_NAME = "App Icon & Top Shelf Image";
				ASSETCATALOG_COMPILER_LAUNCHIMAGE_NAME = LaunchImage;
				CLANG_ANALYZER_NONNULL = YES;
				CLANG_WARN_DOCUMENTATION_COMMENTS = YES;
				CLANG_WARN_INFINITE_RECURSION = YES;
				CLANG_WARN_SUSPICIOUS_MOVE = YES;
				DEBUG_INFORMATION_FORMAT = dwarf;
				ENABLE_TESTABILITY = YES;
				GCC_NO_COMMON_BLOCKS = YES;
				HEADER_SEARCH_PATHS = (
					"$(inherited)",
					"$(SRCROOT)/../node_modules/react-native-spinkit/ios/**",
					"$(SRCROOT)/../node_modules/react-native-vector-icons/RNVectorIconsManager",
					"$(SRCROOT)/../node_modules/react-native-sound/RNSound",
					"$(SRCROOT)/../node_modules/react-native-svg/ios/**",
					"$(SRCROOT)/../node_modules/react-native-image-picker/ios",
					"$(SRCROOT)/../node_modules/react-native-fs/**",
					"$(SRCROOT)/../node_modules/react-native-file-opener/ios/RNFileOpener",
					"$(SRCROOT)/../node_modules/react-native-fs/**",
					"$(SRCROOT)/../node_modules/react-native-onesignal/ios/RCTOneSignal/**",
					"$(SRCROOT)/../node_modules/react-native-fabric/ios/SMXCrashlytics",
					"$(SRCROOT)/../node_modules/react-native-appsee/ios",
				);
				INFOPLIST_FILE = "Microsurance-tvOS/Info.plist";
				LD_RUNPATH_SEARCH_PATHS = "$(inherited) @executable_path/Frameworks";
				LIBRARY_SEARCH_PATHS = (
					"$(inherited)",
					"\"$(SRCROOT)/$(TARGET_NAME)\"",
					"\"$(SRCROOT)/$(TARGET_NAME)\"",
					"\"$(SRCROOT)/$(TARGET_NAME)\"",
				);
				OTHER_LDFLAGS = (
					"-ObjC",
					"-lc++",
				);
				PRODUCT_BUNDLE_IDENTIFIER = "com.facebook.REACT.Microsurance-tvOS";
				PRODUCT_NAME = "$(TARGET_NAME)";
				SDKROOT = appletvos;
				TARGETED_DEVICE_FAMILY = 3;
				TVOS_DEPLOYMENT_TARGET = 9.2;
			};
			name = Debug;
		};
		2D02E4981E0B4A5E006451C7 /* Release */ = {
			isa = XCBuildConfiguration;
			buildSettings = {
				ASSETCATALOG_COMPILER_APPICON_NAME = "App Icon & Top Shelf Image";
				ASSETCATALOG_COMPILER_LAUNCHIMAGE_NAME = LaunchImage;
				CLANG_ANALYZER_NONNULL = YES;
				CLANG_WARN_DOCUMENTATION_COMMENTS = YES;
				CLANG_WARN_INFINITE_RECURSION = YES;
				CLANG_WARN_SUSPICIOUS_MOVE = YES;
				COPY_PHASE_STRIP = NO;
				DEBUG_INFORMATION_FORMAT = "dwarf-with-dsym";
				GCC_NO_COMMON_BLOCKS = YES;
				HEADER_SEARCH_PATHS = (
					"$(inherited)",
					"$(SRCROOT)/../node_modules/react-native-spinkit/ios/**",
					"$(SRCROOT)/../node_modules/react-native-vector-icons/RNVectorIconsManager",
					"$(SRCROOT)/../node_modules/react-native-sound/RNSound",
					"$(SRCROOT)/../node_modules/react-native-svg/ios/**",
					"$(SRCROOT)/../node_modules/react-native-image-picker/ios",
					"$(SRCROOT)/../node_modules/react-native-fs/**",
					"$(SRCROOT)/../node_modules/react-native-file-opener/ios/RNFileOpener",
					"$(SRCROOT)/../node_modules/react-native-fs/**",
					"$(SRCROOT)/../node_modules/react-native-onesignal/ios/RCTOneSignal/**",
					"$(SRCROOT)/../node_modules/react-native-fabric/ios/SMXCrashlytics",
					"$(SRCROOT)/../node_modules/react-native-appsee/ios",
				);
				INFOPLIST_FILE = "Microsurance-tvOS/Info.plist";
				LD_RUNPATH_SEARCH_PATHS = "$(inherited) @executable_path/Frameworks";
				LIBRARY_SEARCH_PATHS = (
					"$(inherited)",
					"\"$(SRCROOT)/$(TARGET_NAME)\"",
					"\"$(SRCROOT)/$(TARGET_NAME)\"",
					"\"$(SRCROOT)/$(TARGET_NAME)\"",
				);
				OTHER_LDFLAGS = (
					"-ObjC",
					"-lc++",
				);
				PRODUCT_BUNDLE_IDENTIFIER = "com.facebook.REACT.Microsurance-tvOS";
				PRODUCT_NAME = "$(TARGET_NAME)";
				SDKROOT = appletvos;
				TARGETED_DEVICE_FAMILY = 3;
				TVOS_DEPLOYMENT_TARGET = 9.2;
			};
			name = Release;
		};
		2D02E4991E0B4A5E006451C7 /* Debug */ = {
			isa = XCBuildConfiguration;
			buildSettings = {
				BUNDLE_LOADER = "$(TEST_HOST)";
				CLANG_ANALYZER_NONNULL = YES;
				CLANG_WARN_DOCUMENTATION_COMMENTS = YES;
				CLANG_WARN_INFINITE_RECURSION = YES;
				CLANG_WARN_SUSPICIOUS_MOVE = YES;
				DEBUG_INFORMATION_FORMAT = dwarf;
				ENABLE_TESTABILITY = YES;
				GCC_NO_COMMON_BLOCKS = YES;
				INFOPLIST_FILE = "Microsurance-tvOSTests/Info.plist";
				LD_RUNPATH_SEARCH_PATHS = "$(inherited) @executable_path/Frameworks @loader_path/Frameworks";
				LIBRARY_SEARCH_PATHS = (
					"$(inherited)",
					"\"$(SRCROOT)/$(TARGET_NAME)\"",
					"\"$(SRCROOT)/$(TARGET_NAME)\"",
					"\"$(SRCROOT)/$(TARGET_NAME)\"",
				);
				PRODUCT_BUNDLE_IDENTIFIER = "com.facebook.REACT.Microsurance-tvOSTests";
				PRODUCT_NAME = "$(TARGET_NAME)";
				SDKROOT = appletvos;
				TEST_HOST = "$(BUILT_PRODUCTS_DIR)/Microsurance-tvOS.app/Microsurance-tvOS";
				TVOS_DEPLOYMENT_TARGET = 10.1;
			};
			name = Debug;
		};
		2D02E49A1E0B4A5E006451C7 /* Release */ = {
			isa = XCBuildConfiguration;
			buildSettings = {
				BUNDLE_LOADER = "$(TEST_HOST)";
				CLANG_ANALYZER_NONNULL = YES;
				CLANG_WARN_DOCUMENTATION_COMMENTS = YES;
				CLANG_WARN_INFINITE_RECURSION = YES;
				CLANG_WARN_SUSPICIOUS_MOVE = YES;
				COPY_PHASE_STRIP = NO;
				DEBUG_INFORMATION_FORMAT = "dwarf-with-dsym";
				GCC_NO_COMMON_BLOCKS = YES;
				INFOPLIST_FILE = "Microsurance-tvOSTests/Info.plist";
				LD_RUNPATH_SEARCH_PATHS = "$(inherited) @executable_path/Frameworks @loader_path/Frameworks";
				LIBRARY_SEARCH_PATHS = (
					"$(inherited)",
					"\"$(SRCROOT)/$(TARGET_NAME)\"",
					"\"$(SRCROOT)/$(TARGET_NAME)\"",
					"\"$(SRCROOT)/$(TARGET_NAME)\"",
				);
				PRODUCT_BUNDLE_IDENTIFIER = "com.facebook.REACT.Microsurance-tvOSTests";
				PRODUCT_NAME = "$(TARGET_NAME)";
				SDKROOT = appletvos;
				TEST_HOST = "$(BUILT_PRODUCTS_DIR)/Microsurance-tvOS.app/Microsurance-tvOS";
				TVOS_DEPLOYMENT_TARGET = 10.1;
			};
			name = Release;
		};
		83CBBA201A601CBA00E9B192 /* Debug */ = {
			isa = XCBuildConfiguration;
			buildSettings = {
				ALWAYS_SEARCH_USER_PATHS = NO;
				CLANG_CXX_LANGUAGE_STANDARD = "gnu++0x";
				CLANG_CXX_LIBRARY = "libc++";
				CLANG_ENABLE_MODULES = YES;
				CLANG_ENABLE_OBJC_ARC = YES;
				CLANG_WARN_BOOL_CONVERSION = YES;
				CLANG_WARN_CONSTANT_CONVERSION = YES;
				CLANG_WARN_DIRECT_OBJC_ISA_USAGE = YES_ERROR;
				CLANG_WARN_EMPTY_BODY = YES;
				CLANG_WARN_ENUM_CONVERSION = YES;
				CLANG_WARN_INT_CONVERSION = YES;
				CLANG_WARN_OBJC_ROOT_CLASS = YES_ERROR;
				CLANG_WARN_UNREACHABLE_CODE = YES;
				CLANG_WARN__DUPLICATE_METHOD_MATCH = YES;
				"CODE_SIGN_IDENTITY[sdk=iphoneos*]" = "iPhone Developer";
				COPY_PHASE_STRIP = NO;
				ENABLE_STRICT_OBJC_MSGSEND = YES;
				GCC_C_LANGUAGE_STANDARD = gnu99;
				GCC_DYNAMIC_NO_PIC = NO;
				GCC_OPTIMIZATION_LEVEL = 0;
				GCC_PREPROCESSOR_DEFINITIONS = (
					"DEBUG=1",
					"$(inherited)",
				);
				GCC_SYMBOLS_PRIVATE_EXTERN = NO;
				GCC_WARN_64_TO_32_BIT_CONVERSION = YES;
				GCC_WARN_ABOUT_RETURN_TYPE = YES_ERROR;
				GCC_WARN_UNDECLARED_SELECTOR = YES;
				GCC_WARN_UNINITIALIZED_AUTOS = YES_AGGRESSIVE;
				GCC_WARN_UNUSED_FUNCTION = YES;
				GCC_WARN_UNUSED_VARIABLE = YES;
				IPHONEOS_DEPLOYMENT_TARGET = 8.0;
				LIBRARY_SEARCH_PATHS = "$(inherited)";
				MTL_ENABLE_DEBUG_INFO = YES;
				ONLY_ACTIVE_ARCH = YES;
				SDKROOT = iphoneos;
			};
			name = Debug;
		};
		83CBBA211A601CBA00E9B192 /* Release */ = {
			isa = XCBuildConfiguration;
			buildSettings = {
				ALWAYS_SEARCH_USER_PATHS = NO;
				CLANG_CXX_LANGUAGE_STANDARD = "gnu++0x";
				CLANG_CXX_LIBRARY = "libc++";
				CLANG_ENABLE_MODULES = YES;
				CLANG_ENABLE_OBJC_ARC = YES;
				CLANG_WARN_BOOL_CONVERSION = YES;
				CLANG_WARN_CONSTANT_CONVERSION = YES;
				CLANG_WARN_DIRECT_OBJC_ISA_USAGE = YES_ERROR;
				CLANG_WARN_EMPTY_BODY = YES;
				CLANG_WARN_ENUM_CONVERSION = YES;
				CLANG_WARN_INT_CONVERSION = YES;
				CLANG_WARN_OBJC_ROOT_CLASS = YES_ERROR;
				CLANG_WARN_UNREACHABLE_CODE = YES;
				CLANG_WARN__DUPLICATE_METHOD_MATCH = YES;
				"CODE_SIGN_IDENTITY[sdk=iphoneos*]" = "iPhone Developer";
				COPY_PHASE_STRIP = YES;
				ENABLE_NS_ASSERTIONS = NO;
				ENABLE_STRICT_OBJC_MSGSEND = YES;
				GCC_C_LANGUAGE_STANDARD = gnu99;
				GCC_WARN_64_TO_32_BIT_CONVERSION = YES;
				GCC_WARN_ABOUT_RETURN_TYPE = YES_ERROR;
				GCC_WARN_UNDECLARED_SELECTOR = YES;
				GCC_WARN_UNINITIALIZED_AUTOS = YES_AGGRESSIVE;
				GCC_WARN_UNUSED_FUNCTION = YES;
				GCC_WARN_UNUSED_VARIABLE = YES;
				IPHONEOS_DEPLOYMENT_TARGET = 8.0;
				LIBRARY_SEARCH_PATHS = "$(inherited)";
				MTL_ENABLE_DEBUG_INFO = NO;
				SDKROOT = iphoneos;
				VALIDATE_PRODUCT = YES;
			};
			name = Release;
		};
/* End XCBuildConfiguration section */

/* Begin XCConfigurationList section */
		00E357021AD99517003FC87E /* Build configuration list for PBXNativeTarget "MicrosuranceTests" */ = {
			isa = XCConfigurationList;
			buildConfigurations = (
				00E356F61AD99517003FC87E /* Debug */,
				00E356F71AD99517003FC87E /* Release */,
			);
			defaultConfigurationIsVisible = 0;
			defaultConfigurationName = Release;
		};
		13B07F931A680F5B00A75B9A /* Build configuration list for PBXNativeTarget "Microsurance" */ = {
			isa = XCConfigurationList;
			buildConfigurations = (
				13B07F941A680F5B00A75B9A /* Debug */,
				13B07F951A680F5B00A75B9A /* Release */,
			);
			defaultConfigurationIsVisible = 0;
			defaultConfigurationName = Release;
		};
		2D02E4BA1E0B4A5E006451C7 /* Build configuration list for PBXNativeTarget "Microsurance-tvOS" */ = {
			isa = XCConfigurationList;
			buildConfigurations = (
				2D02E4971E0B4A5E006451C7 /* Debug */,
				2D02E4981E0B4A5E006451C7 /* Release */,
			);
			defaultConfigurationIsVisible = 0;
			defaultConfigurationName = Release;
		};
		2D02E4BB1E0B4A5E006451C7 /* Build configuration list for PBXNativeTarget "Microsurance-tvOSTests" */ = {
			isa = XCConfigurationList;
			buildConfigurations = (
				2D02E4991E0B4A5E006451C7 /* Debug */,
				2D02E49A1E0B4A5E006451C7 /* Release */,
			);
			defaultConfigurationIsVisible = 0;
			defaultConfigurationName = Release;
		};
		83CBB9FA1A601CBA00E9B192 /* Build configuration list for PBXProject "Microsurance" */ = {
			isa = XCConfigurationList;
			buildConfigurations = (
				83CBBA201A601CBA00E9B192 /* Debug */,
				83CBBA211A601CBA00E9B192 /* Release */,
			);
			defaultConfigurationIsVisible = 0;
			defaultConfigurationName = Release;
		};
/* End XCConfigurationList section */
	};
	rootObject = 83CBB9F71A601CBA00E9B192 /* Project object */;
}
